// !$*UTF8*$!
{
	archiveVersion = 1;
	classes = {
	};
	objectVersion = 46;
	objects = {

/* Begin PBXBuildFile section */
		745806F51DC1E4C9003EC7F3 /* ThrityViewCell.m in Sources */ = {isa = PBXBuildFile; fileRef = 745806F31DC1E4C9003EC7F3 /* ThrityViewCell.m */; };
		745806F61DC1E4C9003EC7F3 /* ThrityViewCell.xib in Resources */ = {isa = PBXBuildFile; fileRef = 745806F41DC1E4C9003EC7F3 /* ThrityViewCell.xib */; };
		7462DEB61DB9C46800942CFB /* MJRefreshAutoFooter.m in Sources */ = {isa = PBXBuildFile; fileRef = 7462DE8C1DB9C46800942CFB /* MJRefreshAutoFooter.m */; };
		7462DEB71DB9C46800942CFB /* MJRefreshBackFooter.m in Sources */ = {isa = PBXBuildFile; fileRef = 7462DE8E1DB9C46800942CFB /* MJRefreshBackFooter.m */; };
		7462DEB81DB9C46800942CFB /* MJRefreshComponent.m in Sources */ = {isa = PBXBuildFile; fileRef = 7462DE901DB9C46800942CFB /* MJRefreshComponent.m */; };
		7462DEB91DB9C46800942CFB /* MJRefreshFooter.m in Sources */ = {isa = PBXBuildFile; fileRef = 7462DE921DB9C46800942CFB /* MJRefreshFooter.m */; };
		7462DEBA1DB9C46800942CFB /* MJRefreshHeader.m in Sources */ = {isa = PBXBuildFile; fileRef = 7462DE941DB9C46800942CFB /* MJRefreshHeader.m */; };
		7462DEBB1DB9C46800942CFB /* MJRefreshAutoGifFooter.m in Sources */ = {isa = PBXBuildFile; fileRef = 7462DE991DB9C46800942CFB /* MJRefreshAutoGifFooter.m */; };
		7462DEBC1DB9C46800942CFB /* MJRefreshAutoNormalFooter.m in Sources */ = {isa = PBXBuildFile; fileRef = 7462DE9B1DB9C46800942CFB /* MJRefreshAutoNormalFooter.m */; };
		7462DEBD1DB9C46800942CFB /* MJRefreshAutoStateFooter.m in Sources */ = {isa = PBXBuildFile; fileRef = 7462DE9D1DB9C46800942CFB /* MJRefreshAutoStateFooter.m */; };
		7462DEBE1DB9C46800942CFB /* MJRefreshBackGifFooter.m in Sources */ = {isa = PBXBuildFile; fileRef = 7462DEA01DB9C46800942CFB /* MJRefreshBackGifFooter.m */; };
		7462DEBF1DB9C46800942CFB /* MJRefreshBackNormalFooter.m in Sources */ = {isa = PBXBuildFile; fileRef = 7462DEA21DB9C46800942CFB /* MJRefreshBackNormalFooter.m */; };
		7462DEC01DB9C46800942CFB /* MJRefreshBackStateFooter.m in Sources */ = {isa = PBXBuildFile; fileRef = 7462DEA41DB9C46800942CFB /* MJRefreshBackStateFooter.m */; };
		7462DEC11DB9C46800942CFB /* MJRefreshGifHeader.m in Sources */ = {isa = PBXBuildFile; fileRef = 7462DEA71DB9C46800942CFB /* MJRefreshGifHeader.m */; };
		7462DEC21DB9C46800942CFB /* MJRefreshNormalHeader.m in Sources */ = {isa = PBXBuildFile; fileRef = 7462DEA91DB9C46800942CFB /* MJRefreshNormalHeader.m */; };
		7462DEC31DB9C46800942CFB /* MJRefreshStateHeader.m in Sources */ = {isa = PBXBuildFile; fileRef = 7462DEAB1DB9C46800942CFB /* MJRefreshStateHeader.m */; };
		7462DEC41DB9C46800942CFB /* MJRefresh.bundle in Resources */ = {isa = PBXBuildFile; fileRef = 7462DEAC1DB9C46800942CFB /* MJRefresh.bundle */; };
		7462DEC51DB9C46800942CFB /* MJRefreshConst.m in Sources */ = {isa = PBXBuildFile; fileRef = 7462DEAF1DB9C46800942CFB /* MJRefreshConst.m */; };
		7462DEC61DB9C46800942CFB /* UIScrollView+MJExtension.m in Sources */ = {isa = PBXBuildFile; fileRef = 7462DEB11DB9C46800942CFB /* UIScrollView+MJExtension.m */; };
		7462DEC71DB9C46800942CFB /* UIScrollView+MJRefresh.m in Sources */ = {isa = PBXBuildFile; fileRef = 7462DEB31DB9C46800942CFB /* UIScrollView+MJRefresh.m */; };
		7462DEC81DB9C46800942CFB /* UIView+MJExtension.m in Sources */ = {isa = PBXBuildFile; fileRef = 7462DEB51DB9C46800942CFB /* UIView+MJExtension.m */; };
		7462DECB1DB9F24100942CFB /* ContentModel.m in Sources */ = {isa = PBXBuildFile; fileRef = 7462DECA1DB9F24100942CFB /* ContentModel.m */; };
		7483DFEA1DC881840021CCA4 /* WQFirstViewController.m in Sources */ = {isa = PBXBuildFile; fileRef = 7483DFE91DC881840021CCA4 /* WQFirstViewController.m */; };
		7483DFED1DC881C10021CCA4 /* WTopScrollImageView.m in Sources */ = {isa = PBXBuildFile; fileRef = 7483DFEC1DC881C10021CCA4 /* WTopScrollImageView.m */; };
		7483DFF81DC881FD0021CCA4 /* PreviewImageCell.m in Sources */ = {isa = PBXBuildFile; fileRef = 7483DFF01DC881FD0021CCA4 /* PreviewImageCell.m */; };
		7483DFF91DC881FD0021CCA4 /* PreviewImageCell.xib in Resources */ = {isa = PBXBuildFile; fileRef = 7483DFF11DC881FD0021CCA4 /* PreviewImageCell.xib */; };
		7483DFFA1DC881FD0021CCA4 /* ImageViewController.m in Sources */ = {isa = PBXBuildFile; fileRef = 7483DFF31DC881FD0021CCA4 /* ImageViewController.m */; };
		7483DFFB1DC881FD0021CCA4 /* ImageViewController.xib in Resources */ = {isa = PBXBuildFile; fileRef = 7483DFF41DC881FD0021CCA4 /* ImageViewController.xib */; };
		7483DFFC1DC881FD0021CCA4 /* SpecialViewCell.m in Sources */ = {isa = PBXBuildFile; fileRef = 7483DFF61DC881FD0021CCA4 /* SpecialViewCell.m */; };
		7483DFFD1DC881FD0021CCA4 /* SpecialViewCell.xib in Resources */ = {isa = PBXBuildFile; fileRef = 7483DFF71DC881FD0021CCA4 /* SpecialViewCell.xib */; };
		7483E0001DC882410021CCA4 /* ThirtyModel.m in Sources */ = {isa = PBXBuildFile; fileRef = 7483DFFF1DC882410021CCA4 /* ThirtyModel.m */; };
		7483E0081DC882960021CCA4 /* icon_like_g_s.png in Resources */ = {isa = PBXBuildFile; fileRef = 7483E0011DC882960021CCA4 /* icon_like_g_s.png */; };
		7483E0091DC882960021CCA4 /* icon_contect_g_s.png in Resources */ = {isa = PBXBuildFile; fileRef = 7483E0021DC882960021CCA4 /* icon_contect_g_s.png */; };
		7483E00A1DC882960021CCA4 /* icon_collection_g_s.png in Resources */ = {isa = PBXBuildFile; fileRef = 7483E0031DC882960021CCA4 /* icon_collection_g_s.png */; };
		7483E00B1DC882960021CCA4 /* icon_like_normal.png in Resources */ = {isa = PBXBuildFile; fileRef = 7483E0041DC882960021CCA4 /* icon_like_normal.png */; };
		7483E00C1DC882960021CCA4 /* btn_backtop.png in Resources */ = {isa = PBXBuildFile; fileRef = 7483E0051DC882960021CCA4 /* btn_backtop.png */; };
		7483E00D1DC882960021CCA4 /* home_icon_scan_w.png in Resources */ = {isa = PBXBuildFile; fileRef = 7483E0061DC882960021CCA4 /* home_icon_scan_w.png */; };
		7483E00E1DC882960021CCA4 /* BackBtn.png in Resources */ = {isa = PBXBuildFile; fileRef = 7483E0071DC882960021CCA4 /* BackBtn.png */; };
		7483E0101DC882F40021CCA4 /* Images.xcassets in Resources */ = {isa = PBXBuildFile; fileRef = 7483E00F1DC882F40021CCA4 /* Images.xcassets */; };
		7483E0131DC8838E0021CCA4 /* WQBaseTabBarController.m in Sources */ = {isa = PBXBuildFile; fileRef = 7483E0121DC8838E0021CCA4 /* WQBaseTabBarController.m */; };
		74E6544D1DB8631900377E47 /* main.m in Sources */ = {isa = PBXBuildFile; fileRef = 74E6544C1DB8631900377E47 /* main.m */; };
		74E654501DB8631900377E47 /* AppDelegate.m in Sources */ = {isa = PBXBuildFile; fileRef = 74E6544F1DB8631900377E47 /* AppDelegate.m */; };
		74E654561DB8631900377E47 /* Main.storyboard in Resources */ = {isa = PBXBuildFile; fileRef = 74E654541DB8631900377E47 /* Main.storyboard */; };
		74E654591DB8631900377E47 /* WQAppForKongKongHu.xcdatamodeld in Sources */ = {isa = PBXBuildFile; fileRef = 74E654571DB8631900377E47 /* WQAppForKongKongHu.xcdatamodeld */; };
		74E6545B1DB8631900377E47 /* Assets.xcassets in Resources */ = {isa = PBXBuildFile; fileRef = 74E6545A1DB8631900377E47 /* Assets.xcassets */; };
		74E6545E1DB8631900377E47 /* LaunchScreen.storyboard in Resources */ = {isa = PBXBuildFile; fileRef = 74E6545C1DB8631900377E47 /* LaunchScreen.storyboard */; };
		74E654691DB8631900377E47 /* WQAppForKongKongHuTests.m in Sources */ = {isa = PBXBuildFile; fileRef = 74E654681DB8631900377E47 /* WQAppForKongKongHuTests.m */; };
		74E654741DB8631A00377E47 /* WQAppForKongKongHuUITests.m in Sources */ = {isa = PBXBuildFile; fileRef = 74E654731DB8631A00377E47 /* WQAppForKongKongHuUITests.m */; };
		74E6548B1DB864AE00377E47 /* WQActiveViewController.m in Sources */ = {isa = PBXBuildFile; fileRef = 74E6548A1DB864AE00377E47 /* WQActiveViewController.m */; };
		74E6548E1DB864BA00377E47 /* WQReportViewController.m in Sources */ = {isa = PBXBuildFile; fileRef = 74E6548D1DB864BA00377E47 /* WQReportViewController.m */; };
		74E654911DB864C800377E47 /* WQSendViewController.m in Sources */ = {isa = PBXBuildFile; fileRef = 74E654901DB864C800377E47 /* WQSendViewController.m */; };
		74E654941DB864D400377E47 /* WQMyCenterViewController.m in Sources */ = {isa = PBXBuildFile; fileRef = 74E654931DB864D400377E47 /* WQMyCenterViewController.m */; };
		74E6549B1DB8680F00377E47 /* WNetRequest.m in Sources */ = {isa = PBXBuildFile; fileRef = 74E6549A1DB8680F00377E47 /* WNetRequest.m */; };
		74E654D51DB8683B00377E47 /* AFHTTPRequestOperation.m in Sources */ = {isa = PBXBuildFile; fileRef = 74E6549E1DB8683B00377E47 /* AFHTTPRequestOperation.m */; };
		74E654D61DB8683B00377E47 /* AFHTTPRequestOperationManager.m in Sources */ = {isa = PBXBuildFile; fileRef = 74E654A01DB8683B00377E47 /* AFHTTPRequestOperationManager.m */; };
		74E654D71DB8683B00377E47 /* AFHTTPSessionManager.m in Sources */ = {isa = PBXBuildFile; fileRef = 74E654A21DB8683B00377E47 /* AFHTTPSessionManager.m */; };
		74E654D81DB8683B00377E47 /* AFNetworkReachabilityManager.m in Sources */ = {isa = PBXBuildFile; fileRef = 74E654A51DB8683B00377E47 /* AFNetworkReachabilityManager.m */; };
		74E654D91DB8683B00377E47 /* AFSecurityPolicy.m in Sources */ = {isa = PBXBuildFile; fileRef = 74E654A71DB8683B00377E47 /* AFSecurityPolicy.m */; };
		74E654DA1DB8683B00377E47 /* AFURLConnectionOperation.m in Sources */ = {isa = PBXBuildFile; fileRef = 74E654A91DB8683B00377E47 /* AFURLConnectionOperation.m */; };
		74E654DB1DB8683B00377E47 /* AFURLRequestSerialization.m in Sources */ = {isa = PBXBuildFile; fileRef = 74E654AB1DB8683B00377E47 /* AFURLRequestSerialization.m */; };
		74E654DC1DB8683B00377E47 /* AFURLResponseSerialization.m in Sources */ = {isa = PBXBuildFile; fileRef = 74E654AD1DB8683B00377E47 /* AFURLResponseSerialization.m */; };
		74E654DD1DB8683B00377E47 /* AFURLSessionManager.m in Sources */ = {isa = PBXBuildFile; fileRef = 74E654AF1DB8683B00377E47 /* AFURLSessionManager.m */; };
		74E654DE1DB8683B00377E47 /* MBProgressHUD.m in Sources */ = {isa = PBXBuildFile; fileRef = 74E654B21DB8683B00377E47 /* MBProgressHUD.m */; };
		74E654DF1DB8683B00377E47 /* MKAnnotationView+WebCache.m in Sources */ = {isa = PBXBuildFile; fileRef = 74E654B51DB8683B00377E47 /* MKAnnotationView+WebCache.m */; };
		74E654E01DB8683B00377E47 /* NSData+ImageContentType.m in Sources */ = {isa = PBXBuildFile; fileRef = 74E654B71DB8683B00377E47 /* NSData+ImageContentType.m */; };
		74E654E11DB8683B00377E47 /* SDImageCache.m in Sources */ = {isa = PBXBuildFile; fileRef = 74E654B91DB8683B00377E47 /* SDImageCache.m */; };
		74E654E21DB8683B00377E47 /* SDWebImageCompat.m in Sources */ = {isa = PBXBuildFile; fileRef = 74E654BB1DB8683B00377E47 /* SDWebImageCompat.m */; };
		74E654E31DB8683B00377E47 /* SDWebImageDecoder.m in Sources */ = {isa = PBXBuildFile; fileRef = 74E654BD1DB8683B00377E47 /* SDWebImageDecoder.m */; };
		74E654E41DB8683B00377E47 /* SDWebImageDownloader.m in Sources */ = {isa = PBXBuildFile; fileRef = 74E654BF1DB8683B00377E47 /* SDWebImageDownloader.m */; };
		74E654E51DB8683B00377E47 /* SDWebImageDownloaderOperation.m in Sources */ = {isa = PBXBuildFile; fileRef = 74E654C11DB8683B00377E47 /* SDWebImageDownloaderOperation.m */; };
		74E654E61DB8683B00377E47 /* SDWebImageManager.m in Sources */ = {isa = PBXBuildFile; fileRef = 74E654C31DB8683B00377E47 /* SDWebImageManager.m */; };
		74E654E71DB8683B00377E47 /* SDWebImagePrefetcher.m in Sources */ = {isa = PBXBuildFile; fileRef = 74E654C61DB8683B00377E47 /* SDWebImagePrefetcher.m */; };
		74E654E81DB8683B00377E47 /* UIButton+WebCache.m in Sources */ = {isa = PBXBuildFile; fileRef = 74E654C81DB8683B00377E47 /* UIButton+WebCache.m */; };
		74E654E91DB8683B00377E47 /* UIImage+GIF.m in Sources */ = {isa = PBXBuildFile; fileRef = 74E654CA1DB8683B00377E47 /* UIImage+GIF.m */; };
		74E654EA1DB8683B00377E47 /* UIImage+MultiFormat.m in Sources */ = {isa = PBXBuildFile; fileRef = 74E654CC1DB8683B00377E47 /* UIImage+MultiFormat.m */; };
		74E654EB1DB8683B00377E47 /* UIImage+WebP.m in Sources */ = {isa = PBXBuildFile; fileRef = 74E654CE1DB8683B00377E47 /* UIImage+WebP.m */; };
		74E654EC1DB8683B00377E47 /* UIImageView+HighlightedWebCache.m in Sources */ = {isa = PBXBuildFile; fileRef = 74E654D01DB8683B00377E47 /* UIImageView+HighlightedWebCache.m */; };
		74E654ED1DB8683B00377E47 /* UIImageView+WebCache.m in Sources */ = {isa = PBXBuildFile; fileRef = 74E654D21DB8683B00377E47 /* UIImageView+WebCache.m */; };
		74E654EE1DB8683B00377E47 /* UIView+WebCacheOperation.m in Sources */ = {isa = PBXBuildFile; fileRef = 74E654D41DB8683B00377E47 /* UIView+WebCacheOperation.m */; };
		74E654F21DB88DB700377E47 /* ImageModel.m in Sources */ = {isa = PBXBuildFile; fileRef = 74E654F11DB88DB700377E47 /* ImageModel.m */; };
		74E654F81DB8940E00377E47 /* WQWebViewController.m in Sources */ = {isa = PBXBuildFile; fileRef = 74E654F71DB8940E00377E47 /* WQWebViewController.m */; };
		74F310DA1DC0A47A00CEC152 /* WcontentViewCell.m in Sources */ = {isa = PBXBuildFile; fileRef = 74F310D81DC0A47A00CEC152 /* WcontentViewCell.m */; };
		74F310DB1DC0A47A00CEC152 /* WcontentViewCell.xib in Resources */ = {isa = PBXBuildFile; fileRef = 74F310D91DC0A47A00CEC152 /* WcontentViewCell.xib */; };
		74F310DF1DC0B39300CEC152 /* WwebViewCell.m in Sources */ = {isa = PBXBuildFile; fileRef = 74F310DD1DC0B39300CEC152 /* WwebViewCell.m */; };
		74F310E01DC0B39300CEC152 /* WwebViewCell.xib in Resources */ = {isa = PBXBuildFile; fileRef = 74F310DE1DC0B39300CEC152 /* WwebViewCell.xib */; };
/* End PBXBuildFile section */

/* Begin PBXContainerItemProxy section */
		74E654651DB8631900377E47 /* PBXContainerItemProxy */ = {
			isa = PBXContainerItemProxy;
			containerPortal = 74E654401DB8631900377E47 /* Project object */;
			proxyType = 1;
			remoteGlobalIDString = 74E654471DB8631900377E47;
			remoteInfo = WQAppForKongKongHu;
		};
		74E654701DB8631A00377E47 /* PBXContainerItemProxy */ = {
			isa = PBXContainerItemProxy;
			containerPortal = 74E654401DB8631900377E47 /* Project object */;
			proxyType = 1;
			remoteGlobalIDString = 74E654471DB8631900377E47;
			remoteInfo = WQAppForKongKongHu;
		};
/* End PBXContainerItemProxy section */

/* Begin PBXFileReference section */
		745806F21DC1E4C9003EC7F3 /* ThrityViewCell.h */ = {isa = PBXFileReference; fileEncoding = 4; lastKnownFileType = sourcecode.c.h; path = ThrityViewCell.h; sourceTree = "<group>"; };
		745806F31DC1E4C9003EC7F3 /* ThrityViewCell.m */ = {isa = PBXFileReference; fileEncoding = 4; lastKnownFileType = sourcecode.c.objc; path = ThrityViewCell.m; sourceTree = "<group>"; };
		745806F41DC1E4C9003EC7F3 /* ThrityViewCell.xib */ = {isa = PBXFileReference; fileEncoding = 4; lastKnownFileType = file.xib; path = ThrityViewCell.xib; sourceTree = "<group>"; };
		7462DE8B1DB9C46800942CFB /* MJRefreshAutoFooter.h */ = {isa = PBXFileReference; fileEncoding = 4; lastKnownFileType = sourcecode.c.h; path = MJRefreshAutoFooter.h; sourceTree = "<group>"; };
		7462DE8C1DB9C46800942CFB /* MJRefreshAutoFooter.m */ = {isa = PBXFileReference; fileEncoding = 4; lastKnownFileType = sourcecode.c.objc; path = MJRefreshAutoFooter.m; sourceTree = "<group>"; };
		7462DE8D1DB9C46800942CFB /* MJRefreshBackFooter.h */ = {isa = PBXFileReference; fileEncoding = 4; lastKnownFileType = sourcecode.c.h; path = MJRefreshBackFooter.h; sourceTree = "<group>"; };
		7462DE8E1DB9C46800942CFB /* MJRefreshBackFooter.m */ = {isa = PBXFileReference; fileEncoding = 4; lastKnownFileType = sourcecode.c.objc; path = MJRefreshBackFooter.m; sourceTree = "<group>"; };
		7462DE8F1DB9C46800942CFB /* MJRefreshComponent.h */ = {isa = PBXFileReference; fileEncoding = 4; lastKnownFileType = sourcecode.c.h; path = MJRefreshComponent.h; sourceTree = "<group>"; };
		7462DE901DB9C46800942CFB /* MJRefreshComponent.m */ = {isa = PBXFileReference; fileEncoding = 4; lastKnownFileType = sourcecode.c.objc; path = MJRefreshComponent.m; sourceTree = "<group>"; };
		7462DE911DB9C46800942CFB /* MJRefreshFooter.h */ = {isa = PBXFileReference; fileEncoding = 4; lastKnownFileType = sourcecode.c.h; path = MJRefreshFooter.h; sourceTree = "<group>"; };
		7462DE921DB9C46800942CFB /* MJRefreshFooter.m */ = {isa = PBXFileReference; fileEncoding = 4; lastKnownFileType = sourcecode.c.objc; path = MJRefreshFooter.m; sourceTree = "<group>"; };
		7462DE931DB9C46800942CFB /* MJRefreshHeader.h */ = {isa = PBXFileReference; fileEncoding = 4; lastKnownFileType = sourcecode.c.h; path = MJRefreshHeader.h; sourceTree = "<group>"; };
		7462DE941DB9C46800942CFB /* MJRefreshHeader.m */ = {isa = PBXFileReference; fileEncoding = 4; lastKnownFileType = sourcecode.c.objc; path = MJRefreshHeader.m; sourceTree = "<group>"; };
		7462DE981DB9C46800942CFB /* MJRefreshAutoGifFooter.h */ = {isa = PBXFileReference; fileEncoding = 4; lastKnownFileType = sourcecode.c.h; path = MJRefreshAutoGifFooter.h; sourceTree = "<group>"; };
		7462DE991DB9C46800942CFB /* MJRefreshAutoGifFooter.m */ = {isa = PBXFileReference; fileEncoding = 4; lastKnownFileType = sourcecode.c.objc; path = MJRefreshAutoGifFooter.m; sourceTree = "<group>"; };
		7462DE9A1DB9C46800942CFB /* MJRefreshAutoNormalFooter.h */ = {isa = PBXFileReference; fileEncoding = 4; lastKnownFileType = sourcecode.c.h; path = MJRefreshAutoNormalFooter.h; sourceTree = "<group>"; };
		7462DE9B1DB9C46800942CFB /* MJRefreshAutoNormalFooter.m */ = {isa = PBXFileReference; fileEncoding = 4; lastKnownFileType = sourcecode.c.objc; path = MJRefreshAutoNormalFooter.m; sourceTree = "<group>"; };
		7462DE9C1DB9C46800942CFB /* MJRefreshAutoStateFooter.h */ = {isa = PBXFileReference; fileEncoding = 4; lastKnownFileType = sourcecode.c.h; path = MJRefreshAutoStateFooter.h; sourceTree = "<group>"; };
		7462DE9D1DB9C46800942CFB /* MJRefreshAutoStateFooter.m */ = {isa = PBXFileReference; fileEncoding = 4; lastKnownFileType = sourcecode.c.objc; path = MJRefreshAutoStateFooter.m; sourceTree = "<group>"; };
		7462DE9F1DB9C46800942CFB /* MJRefreshBackGifFooter.h */ = {isa = PBXFileReference; fileEncoding = 4; lastKnownFileType = sourcecode.c.h; path = MJRefreshBackGifFooter.h; sourceTree = "<group>"; };
		7462DEA01DB9C46800942CFB /* MJRefreshBackGifFooter.m */ = {isa = PBXFileReference; fileEncoding = 4; lastKnownFileType = sourcecode.c.objc; path = MJRefreshBackGifFooter.m; sourceTree = "<group>"; };
		7462DEA11DB9C46800942CFB /* MJRefreshBackNormalFooter.h */ = {isa = PBXFileReference; fileEncoding = 4; lastKnownFileType = sourcecode.c.h; path = MJRefreshBackNormalFooter.h; sourceTree = "<group>"; };
		7462DEA21DB9C46800942CFB /* MJRefreshBackNormalFooter.m */ = {isa = PBXFileReference; fileEncoding = 4; lastKnownFileType = sourcecode.c.objc; path = MJRefreshBackNormalFooter.m; sourceTree = "<group>"; };
		7462DEA31DB9C46800942CFB /* MJRefreshBackStateFooter.h */ = {isa = PBXFileReference; fileEncoding = 4; lastKnownFileType = sourcecode.c.h; path = MJRefreshBackStateFooter.h; sourceTree = "<group>"; };
		7462DEA41DB9C46800942CFB /* MJRefreshBackStateFooter.m */ = {isa = PBXFileReference; fileEncoding = 4; lastKnownFileType = sourcecode.c.objc; path = MJRefreshBackStateFooter.m; sourceTree = "<group>"; };
		7462DEA61DB9C46800942CFB /* MJRefreshGifHeader.h */ = {isa = PBXFileReference; fileEncoding = 4; lastKnownFileType = sourcecode.c.h; path = MJRefreshGifHeader.h; sourceTree = "<group>"; };
		7462DEA71DB9C46800942CFB /* MJRefreshGifHeader.m */ = {isa = PBXFileReference; fileEncoding = 4; lastKnownFileType = sourcecode.c.objc; path = MJRefreshGifHeader.m; sourceTree = "<group>"; };
		7462DEA81DB9C46800942CFB /* MJRefreshNormalHeader.h */ = {isa = PBXFileReference; fileEncoding = 4; lastKnownFileType = sourcecode.c.h; path = MJRefreshNormalHeader.h; sourceTree = "<group>"; };
		7462DEA91DB9C46800942CFB /* MJRefreshNormalHeader.m */ = {isa = PBXFileReference; fileEncoding = 4; lastKnownFileType = sourcecode.c.objc; path = MJRefreshNormalHeader.m; sourceTree = "<group>"; };
		7462DEAA1DB9C46800942CFB /* MJRefreshStateHeader.h */ = {isa = PBXFileReference; fileEncoding = 4; lastKnownFileType = sourcecode.c.h; path = MJRefreshStateHeader.h; sourceTree = "<group>"; };
		7462DEAB1DB9C46800942CFB /* MJRefreshStateHeader.m */ = {isa = PBXFileReference; fileEncoding = 4; lastKnownFileType = sourcecode.c.objc; path = MJRefreshStateHeader.m; sourceTree = "<group>"; };
		7462DEAC1DB9C46800942CFB /* MJRefresh.bundle */ = {isa = PBXFileReference; lastKnownFileType = "wrapper.plug-in"; path = MJRefresh.bundle; sourceTree = "<group>"; };
		7462DEAD1DB9C46800942CFB /* MJRefresh.h */ = {isa = PBXFileReference; fileEncoding = 4; lastKnownFileType = sourcecode.c.h; path = MJRefresh.h; sourceTree = "<group>"; };
		7462DEAE1DB9C46800942CFB /* MJRefreshConst.h */ = {isa = PBXFileReference; fileEncoding = 4; lastKnownFileType = sourcecode.c.h; path = MJRefreshConst.h; sourceTree = "<group>"; };
		7462DEAF1DB9C46800942CFB /* MJRefreshConst.m */ = {isa = PBXFileReference; fileEncoding = 4; lastKnownFileType = sourcecode.c.objc; path = MJRefreshConst.m; sourceTree = "<group>"; };
		7462DEB01DB9C46800942CFB /* UIScrollView+MJExtension.h */ = {isa = PBXFileReference; fileEncoding = 4; lastKnownFileType = sourcecode.c.h; path = "UIScrollView+MJExtension.h"; sourceTree = "<group>"; };
		7462DEB11DB9C46800942CFB /* UIScrollView+MJExtension.m */ = {isa = PBXFileReference; fileEncoding = 4; lastKnownFileType = sourcecode.c.objc; path = "UIScrollView+MJExtension.m"; sourceTree = "<group>"; };
		7462DEB21DB9C46800942CFB /* UIScrollView+MJRefresh.h */ = {isa = PBXFileReference; fileEncoding = 4; lastKnownFileType = sourcecode.c.h; path = "UIScrollView+MJRefresh.h"; sourceTree = "<group>"; };
		7462DEB31DB9C46800942CFB /* UIScrollView+MJRefresh.m */ = {isa = PBXFileReference; fileEncoding = 4; lastKnownFileType = sourcecode.c.objc; path = "UIScrollView+MJRefresh.m"; sourceTree = "<group>"; };
		7462DEB41DB9C46800942CFB /* UIView+MJExtension.h */ = {isa = PBXFileReference; fileEncoding = 4; lastKnownFileType = sourcecode.c.h; path = "UIView+MJExtension.h"; sourceTree = "<group>"; };
		7462DEB51DB9C46800942CFB /* UIView+MJExtension.m */ = {isa = PBXFileReference; fileEncoding = 4; lastKnownFileType = sourcecode.c.objc; path = "UIView+MJExtension.m"; sourceTree = "<group>"; };
		7462DEC91DB9F24100942CFB /* ContentModel.h */ = {isa = PBXFileReference; fileEncoding = 4; lastKnownFileType = sourcecode.c.h; name = ContentModel.h; path = ../ContentModel.h; sourceTree = "<group>"; };
		7462DECA1DB9F24100942CFB /* ContentModel.m */ = {isa = PBXFileReference; fileEncoding = 4; lastKnownFileType = sourcecode.c.objc; name = ContentModel.m; path = ../ContentModel.m; sourceTree = "<group>"; };
		7483DFE81DC881840021CCA4 /* WQFirstViewController.h */ = {isa = PBXFileReference; fileEncoding = 4; lastKnownFileType = sourcecode.c.h; name = WQFirstViewController.h; path = Model/WQFirstViewController.h; sourceTree = "<group>"; };
		7483DFE91DC881840021CCA4 /* WQFirstViewController.m */ = {isa = PBXFileReference; fileEncoding = 4; lastKnownFileType = sourcecode.c.objc; name = WQFirstViewController.m; path = Model/WQFirstViewController.m; sourceTree = "<group>"; };
		7483DFEB1DC881C10021CCA4 /* WTopScrollImageView.h */ = {isa = PBXFileReference; fileEncoding = 4; lastKnownFileType = sourcecode.c.h; path = WTopScrollImageView.h; sourceTree = "<group>"; };
		7483DFEC1DC881C10021CCA4 /* WTopScrollImageView.m */ = {isa = PBXFileReference; fileEncoding = 4; lastKnownFileType = sourcecode.c.objc; path = WTopScrollImageView.m; sourceTree = "<group>"; };
		7483DFEF1DC881FD0021CCA4 /* PreviewImageCell.h */ = {isa = PBXFileReference; fileEncoding = 4; lastKnownFileType = sourcecode.c.h; path = PreviewImageCell.h; sourceTree = "<group>"; };
		7483DFF01DC881FD0021CCA4 /* PreviewImageCell.m */ = {isa = PBXFileReference; fileEncoding = 4; lastKnownFileType = sourcecode.c.objc; path = PreviewImageCell.m; sourceTree = "<group>"; };
		7483DFF11DC881FD0021CCA4 /* PreviewImageCell.xib */ = {isa = PBXFileReference; fileEncoding = 4; lastKnownFileType = file.xib; path = PreviewImageCell.xib; sourceTree = "<group>"; };
		7483DFF21DC881FD0021CCA4 /* ImageViewController.h */ = {isa = PBXFileReference; fileEncoding = 4; lastKnownFileType = sourcecode.c.h; path = ImageViewController.h; sourceTree = "<group>"; };
		7483DFF31DC881FD0021CCA4 /* ImageViewController.m */ = {isa = PBXFileReference; fileEncoding = 4; lastKnownFileType = sourcecode.c.objc; path = ImageViewController.m; sourceTree = "<group>"; };
		7483DFF41DC881FD0021CCA4 /* ImageViewController.xib */ = {isa = PBXFileReference; fileEncoding = 4; lastKnownFileType = file.xib; path = ImageViewController.xib; sourceTree = "<group>"; };
		7483DFF51DC881FD0021CCA4 /* SpecialViewCell.h */ = {isa = PBXFileReference; fileEncoding = 4; lastKnownFileType = sourcecode.c.h; path = SpecialViewCell.h; sourceTree = "<group>"; };
		7483DFF61DC881FD0021CCA4 /* SpecialViewCell.m */ = {isa = PBXFileReference; fileEncoding = 4; lastKnownFileType = sourcecode.c.objc; path = SpecialViewCell.m; sourceTree = "<group>"; };
		7483DFF71DC881FD0021CCA4 /* SpecialViewCell.xib */ = {isa = PBXFileReference; fileEncoding = 4; lastKnownFileType = file.xib; path = SpecialViewCell.xib; sourceTree = "<group>"; };
		7483DFFE1DC882410021CCA4 /* ThirtyModel.h */ = {isa = PBXFileReference; fileEncoding = 4; lastKnownFileType = sourcecode.c.h; path = ThirtyModel.h; sourceTree = "<group>"; };
		7483DFFF1DC882410021CCA4 /* ThirtyModel.m */ = {isa = PBXFileReference; fileEncoding = 4; lastKnownFileType = sourcecode.c.objc; path = ThirtyModel.m; sourceTree = "<group>"; };
		7483E0011DC882960021CCA4 /* icon_like_g_s.png */ = {isa = PBXFileReference; lastKnownFileType = image.png; path = icon_like_g_s.png; sourceTree = "<group>"; };
		7483E0021DC882960021CCA4 /* icon_contect_g_s.png */ = {isa = PBXFileReference; lastKnownFileType = image.png; path = icon_contect_g_s.png; sourceTree = "<group>"; };
		7483E0031DC882960021CCA4 /* icon_collection_g_s.png */ = {isa = PBXFileReference; lastKnownFileType = image.png; path = icon_collection_g_s.png; sourceTree = "<group>"; };
		7483E0041DC882960021CCA4 /* icon_like_normal.png */ = {isa = PBXFileReference; lastKnownFileType = image.png; path = icon_like_normal.png; sourceTree = "<group>"; };
		7483E0051DC882960021CCA4 /* btn_backtop.png */ = {isa = PBXFileReference; lastKnownFileType = image.png; path = btn_backtop.png; sourceTree = "<group>"; };
		7483E0061DC882960021CCA4 /* home_icon_scan_w.png */ = {isa = PBXFileReference; lastKnownFileType = image.png; path = home_icon_scan_w.png; sourceTree = "<group>"; };
		7483E0071DC882960021CCA4 /* BackBtn.png */ = {isa = PBXFileReference; lastKnownFileType = image.png; path = BackBtn.png; sourceTree = "<group>"; };
		7483E00F1DC882F40021CCA4 /* Images.xcassets */ = {isa = PBXFileReference; lastKnownFileType = folder.assetcatalog; path = Images.xcassets; sourceTree = "<group>"; };
		7483E0111DC8838E0021CCA4 /* WQBaseTabBarController.h */ = {isa = PBXFileReference; fileEncoding = 4; lastKnownFileType = sourcecode.c.h; path = WQBaseTabBarController.h; sourceTree = "<group>"; };
		7483E0121DC8838E0021CCA4 /* WQBaseTabBarController.m */ = {isa = PBXFileReference; fileEncoding = 4; lastKnownFileType = sourcecode.c.objc; path = WQBaseTabBarController.m; sourceTree = "<group>"; };
		74E654481DB8631900377E47 /* WQAppForKongKongHu.app */ = {isa = PBXFileReference; explicitFileType = wrapper.application; includeInIndex = 0; path = WQAppForKongKongHu.app; sourceTree = BUILT_PRODUCTS_DIR; };
		74E6544C1DB8631900377E47 /* main.m */ = {isa = PBXFileReference; lastKnownFileType = sourcecode.c.objc; path = main.m; sourceTree = "<group>"; };
		74E6544E1DB8631900377E47 /* AppDelegate.h */ = {isa = PBXFileReference; lastKnownFileType = sourcecode.c.h; path = AppDelegate.h; sourceTree = "<group>"; };
		74E6544F1DB8631900377E47 /* AppDelegate.m */ = {isa = PBXFileReference; lastKnownFileType = sourcecode.c.objc; path = AppDelegate.m; sourceTree = "<group>"; };
		74E654551DB8631900377E47 /* Base */ = {isa = PBXFileReference; lastKnownFileType = file.storyboard; name = Base; path = Base.lproj/Main.storyboard; sourceTree = "<group>"; };
		74E654581DB8631900377E47 /* WQAppForKongKongHu.xcdatamodel */ = {isa = PBXFileReference; lastKnownFileType = wrapper.xcdatamodel; path = WQAppForKongKongHu.xcdatamodel; sourceTree = "<group>"; };
		74E6545A1DB8631900377E47 /* Assets.xcassets */ = {isa = PBXFileReference; lastKnownFileType = folder.assetcatalog; path = Assets.xcassets; sourceTree = "<group>"; };
		74E6545D1DB8631900377E47 /* Base */ = {isa = PBXFileReference; lastKnownFileType = file.storyboard; name = Base; path = Base.lproj/LaunchScreen.storyboard; sourceTree = "<group>"; };
		74E6545F1DB8631900377E47 /* Info.plist */ = {isa = PBXFileReference; lastKnownFileType = text.plist.xml; path = Info.plist; sourceTree = "<group>"; };
		74E654641DB8631900377E47 /* WQAppForKongKongHuTests.xctest */ = {isa = PBXFileReference; explicitFileType = wrapper.cfbundle; includeInIndex = 0; path = WQAppForKongKongHuTests.xctest; sourceTree = BUILT_PRODUCTS_DIR; };
		74E654681DB8631900377E47 /* WQAppForKongKongHuTests.m */ = {isa = PBXFileReference; lastKnownFileType = sourcecode.c.objc; path = WQAppForKongKongHuTests.m; sourceTree = "<group>"; };
		74E6546A1DB8631900377E47 /* Info.plist */ = {isa = PBXFileReference; lastKnownFileType = text.plist.xml; path = Info.plist; sourceTree = "<group>"; };
		74E6546F1DB8631A00377E47 /* WQAppForKongKongHuUITests.xctest */ = {isa = PBXFileReference; explicitFileType = wrapper.cfbundle; includeInIndex = 0; path = WQAppForKongKongHuUITests.xctest; sourceTree = BUILT_PRODUCTS_DIR; };
		74E654731DB8631A00377E47 /* WQAppForKongKongHuUITests.m */ = {isa = PBXFileReference; lastKnownFileType = sourcecode.c.objc; path = WQAppForKongKongHuUITests.m; sourceTree = "<group>"; };
		74E654751DB8631A00377E47 /* Info.plist */ = {isa = PBXFileReference; lastKnownFileType = text.plist.xml; path = Info.plist; sourceTree = "<group>"; };
		74E654891DB864AE00377E47 /* WQActiveViewController.h */ = {isa = PBXFileReference; fileEncoding = 4; lastKnownFileType = sourcecode.c.h; path = WQActiveViewController.h; sourceTree = "<group>"; };
		74E6548A1DB864AE00377E47 /* WQActiveViewController.m */ = {isa = PBXFileReference; fileEncoding = 4; lastKnownFileType = sourcecode.c.objc; path = WQActiveViewController.m; sourceTree = "<group>"; };
		74E6548C1DB864BA00377E47 /* WQReportViewController.h */ = {isa = PBXFileReference; fileEncoding = 4; lastKnownFileType = sourcecode.c.h; path = WQReportViewController.h; sourceTree = "<group>"; };
		74E6548D1DB864BA00377E47 /* WQReportViewController.m */ = {isa = PBXFileReference; fileEncoding = 4; lastKnownFileType = sourcecode.c.objc; path = WQReportViewController.m; sourceTree = "<group>"; };
		74E6548F1DB864C800377E47 /* WQSendViewController.h */ = {isa = PBXFileReference; fileEncoding = 4; lastKnownFileType = sourcecode.c.h; path = WQSendViewController.h; sourceTree = "<group>"; };
		74E654901DB864C800377E47 /* WQSendViewController.m */ = {isa = PBXFileReference; fileEncoding = 4; lastKnownFileType = sourcecode.c.objc; path = WQSendViewController.m; sourceTree = "<group>"; };
		74E654921DB864D400377E47 /* WQMyCenterViewController.h */ = {isa = PBXFileReference; fileEncoding = 4; lastKnownFileType = sourcecode.c.h; path = WQMyCenterViewController.h; sourceTree = "<group>"; };
		74E654931DB864D400377E47 /* WQMyCenterViewController.m */ = {isa = PBXFileReference; fileEncoding = 4; lastKnownFileType = sourcecode.c.objc; path = WQMyCenterViewController.m; sourceTree = "<group>"; };
		74E654951DB8653200377E47 /* WQBaseNet.h */ = {isa = PBXFileReference; lastKnownFileType = sourcecode.c.h; path = WQBaseNet.h; sourceTree = "<group>"; };
		74E654991DB8680F00377E47 /* WNetRequest.h */ = {isa = PBXFileReference; fileEncoding = 4; lastKnownFileType = sourcecode.c.h; path = WNetRequest.h; sourceTree = "<group>"; };
		74E6549A1DB8680F00377E47 /* WNetRequest.m */ = {isa = PBXFileReference; fileEncoding = 4; lastKnownFileType = sourcecode.c.objc; path = WNetRequest.m; sourceTree = "<group>"; };
		74E6549D1DB8683B00377E47 /* AFHTTPRequestOperation.h */ = {isa = PBXFileReference; fileEncoding = 4; lastKnownFileType = sourcecode.c.h; path = AFHTTPRequestOperation.h; sourceTree = "<group>"; };
		74E6549E1DB8683B00377E47 /* AFHTTPRequestOperation.m */ = {isa = PBXFileReference; fileEncoding = 4; lastKnownFileType = sourcecode.c.objc; path = AFHTTPRequestOperation.m; sourceTree = "<group>"; };
		74E6549F1DB8683B00377E47 /* AFHTTPRequestOperationManager.h */ = {isa = PBXFileReference; fileEncoding = 4; lastKnownFileType = sourcecode.c.h; path = AFHTTPRequestOperationManager.h; sourceTree = "<group>"; };
		74E654A01DB8683B00377E47 /* AFHTTPRequestOperationManager.m */ = {isa = PBXFileReference; fileEncoding = 4; lastKnownFileType = sourcecode.c.objc; path = AFHTTPRequestOperationManager.m; sourceTree = "<group>"; };
		74E654A11DB8683B00377E47 /* AFHTTPSessionManager.h */ = {isa = PBXFileReference; fileEncoding = 4; lastKnownFileType = sourcecode.c.h; path = AFHTTPSessionManager.h; sourceTree = "<group>"; };
		74E654A21DB8683B00377E47 /* AFHTTPSessionManager.m */ = {isa = PBXFileReference; fileEncoding = 4; lastKnownFileType = sourcecode.c.objc; path = AFHTTPSessionManager.m; sourceTree = "<group>"; };
		74E654A31DB8683B00377E47 /* AFNetworking.h */ = {isa = PBXFileReference; fileEncoding = 4; lastKnownFileType = sourcecode.c.h; path = AFNetworking.h; sourceTree = "<group>"; };
		74E654A41DB8683B00377E47 /* AFNetworkReachabilityManager.h */ = {isa = PBXFileReference; fileEncoding = 4; lastKnownFileType = sourcecode.c.h; path = AFNetworkReachabilityManager.h; sourceTree = "<group>"; };
		74E654A51DB8683B00377E47 /* AFNetworkReachabilityManager.m */ = {isa = PBXFileReference; fileEncoding = 4; lastKnownFileType = sourcecode.c.objc; path = AFNetworkReachabilityManager.m; sourceTree = "<group>"; };
		74E654A61DB8683B00377E47 /* AFSecurityPolicy.h */ = {isa = PBXFileReference; fileEncoding = 4; lastKnownFileType = sourcecode.c.h; path = AFSecurityPolicy.h; sourceTree = "<group>"; };
		74E654A71DB8683B00377E47 /* AFSecurityPolicy.m */ = {isa = PBXFileReference; fileEncoding = 4; lastKnownFileType = sourcecode.c.objc; path = AFSecurityPolicy.m; sourceTree = "<group>"; };
		74E654A81DB8683B00377E47 /* AFURLConnectionOperation.h */ = {isa = PBXFileReference; fileEncoding = 4; lastKnownFileType = sourcecode.c.h; path = AFURLConnectionOperation.h; sourceTree = "<group>"; };
		74E654A91DB8683B00377E47 /* AFURLConnectionOperation.m */ = {isa = PBXFileReference; fileEncoding = 4; lastKnownFileType = sourcecode.c.objc; path = AFURLConnectionOperation.m; sourceTree = "<group>"; };
		74E654AA1DB8683B00377E47 /* AFURLRequestSerialization.h */ = {isa = PBXFileReference; fileEncoding = 4; lastKnownFileType = sourcecode.c.h; path = AFURLRequestSerialization.h; sourceTree = "<group>"; };
		74E654AB1DB8683B00377E47 /* AFURLRequestSerialization.m */ = {isa = PBXFileReference; fileEncoding = 4; lastKnownFileType = sourcecode.c.objc; path = AFURLRequestSerialization.m; sourceTree = "<group>"; };
		74E654AC1DB8683B00377E47 /* AFURLResponseSerialization.h */ = {isa = PBXFileReference; fileEncoding = 4; lastKnownFileType = sourcecode.c.h; path = AFURLResponseSerialization.h; sourceTree = "<group>"; };
		74E654AD1DB8683B00377E47 /* AFURLResponseSerialization.m */ = {isa = PBXFileReference; fileEncoding = 4; lastKnownFileType = sourcecode.c.objc; path = AFURLResponseSerialization.m; sourceTree = "<group>"; };
		74E654AE1DB8683B00377E47 /* AFURLSessionManager.h */ = {isa = PBXFileReference; fileEncoding = 4; lastKnownFileType = sourcecode.c.h; path = AFURLSessionManager.h; sourceTree = "<group>"; };
		74E654AF1DB8683B00377E47 /* AFURLSessionManager.m */ = {isa = PBXFileReference; fileEncoding = 4; lastKnownFileType = sourcecode.c.objc; path = AFURLSessionManager.m; sourceTree = "<group>"; };
		74E654B11DB8683B00377E47 /* MBProgressHUD.h */ = {isa = PBXFileReference; fileEncoding = 4; lastKnownFileType = sourcecode.c.h; path = MBProgressHUD.h; sourceTree = "<group>"; };
		74E654B21DB8683B00377E47 /* MBProgressHUD.m */ = {isa = PBXFileReference; fileEncoding = 4; lastKnownFileType = sourcecode.c.objc; path = MBProgressHUD.m; sourceTree = "<group>"; };
		74E654B41DB8683B00377E47 /* MKAnnotationView+WebCache.h */ = {isa = PBXFileReference; fileEncoding = 4; lastKnownFileType = sourcecode.c.h; path = "MKAnnotationView+WebCache.h"; sourceTree = "<group>"; };
		74E654B51DB8683B00377E47 /* MKAnnotationView+WebCache.m */ = {isa = PBXFileReference; fileEncoding = 4; lastKnownFileType = sourcecode.c.objc; path = "MKAnnotationView+WebCache.m"; sourceTree = "<group>"; };
		74E654B61DB8683B00377E47 /* NSData+ImageContentType.h */ = {isa = PBXFileReference; fileEncoding = 4; lastKnownFileType = sourcecode.c.h; path = "NSData+ImageContentType.h"; sourceTree = "<group>"; };
		74E654B71DB8683B00377E47 /* NSData+ImageContentType.m */ = {isa = PBXFileReference; fileEncoding = 4; lastKnownFileType = sourcecode.c.objc; path = "NSData+ImageContentType.m"; sourceTree = "<group>"; };
		74E654B81DB8683B00377E47 /* SDImageCache.h */ = {isa = PBXFileReference; fileEncoding = 4; lastKnownFileType = sourcecode.c.h; path = SDImageCache.h; sourceTree = "<group>"; };
		74E654B91DB8683B00377E47 /* SDImageCache.m */ = {isa = PBXFileReference; fileEncoding = 4; lastKnownFileType = sourcecode.c.objc; path = SDImageCache.m; sourceTree = "<group>"; };
		74E654BA1DB8683B00377E47 /* SDWebImageCompat.h */ = {isa = PBXFileReference; fileEncoding = 4; lastKnownFileType = sourcecode.c.h; path = SDWebImageCompat.h; sourceTree = "<group>"; };
		74E654BB1DB8683B00377E47 /* SDWebImageCompat.m */ = {isa = PBXFileReference; fileEncoding = 4; lastKnownFileType = sourcecode.c.objc; path = SDWebImageCompat.m; sourceTree = "<group>"; };
		74E654BC1DB8683B00377E47 /* SDWebImageDecoder.h */ = {isa = PBXFileReference; fileEncoding = 4; lastKnownFileType = sourcecode.c.h; path = SDWebImageDecoder.h; sourceTree = "<group>"; };
		74E654BD1DB8683B00377E47 /* SDWebImageDecoder.m */ = {isa = PBXFileReference; fileEncoding = 4; lastKnownFileType = sourcecode.c.objc; path = SDWebImageDecoder.m; sourceTree = "<group>"; };
		74E654BE1DB8683B00377E47 /* SDWebImageDownloader.h */ = {isa = PBXFileReference; fileEncoding = 4; lastKnownFileType = sourcecode.c.h; path = SDWebImageDownloader.h; sourceTree = "<group>"; };
		74E654BF1DB8683B00377E47 /* SDWebImageDownloader.m */ = {isa = PBXFileReference; fileEncoding = 4; lastKnownFileType = sourcecode.c.objc; path = SDWebImageDownloader.m; sourceTree = "<group>"; };
		74E654C01DB8683B00377E47 /* SDWebImageDownloaderOperation.h */ = {isa = PBXFileReference; fileEncoding = 4; lastKnownFileType = sourcecode.c.h; path = SDWebImageDownloaderOperation.h; sourceTree = "<group>"; };
		74E654C11DB8683B00377E47 /* SDWebImageDownloaderOperation.m */ = {isa = PBXFileReference; fileEncoding = 4; lastKnownFileType = sourcecode.c.objc; path = SDWebImageDownloaderOperation.m; sourceTree = "<group>"; };
		74E654C21DB8683B00377E47 /* SDWebImageManager.h */ = {isa = PBXFileReference; fileEncoding = 4; lastKnownFileType = sourcecode.c.h; path = SDWebImageManager.h; sourceTree = "<group>"; };
		74E654C31DB8683B00377E47 /* SDWebImageManager.m */ = {isa = PBXFileReference; fileEncoding = 4; lastKnownFileType = sourcecode.c.objc; path = SDWebImageManager.m; sourceTree = "<group>"; };
		74E654C41DB8683B00377E47 /* SDWebImageOperation.h */ = {isa = PBXFileReference; fileEncoding = 4; lastKnownFileType = sourcecode.c.h; path = SDWebImageOperation.h; sourceTree = "<group>"; };
		74E654C51DB8683B00377E47 /* SDWebImagePrefetcher.h */ = {isa = PBXFileReference; fileEncoding = 4; lastKnownFileType = sourcecode.c.h; path = SDWebImagePrefetcher.h; sourceTree = "<group>"; };
		74E654C61DB8683B00377E47 /* SDWebImagePrefetcher.m */ = {isa = PBXFileReference; fileEncoding = 4; lastKnownFileType = sourcecode.c.objc; path = SDWebImagePrefetcher.m; sourceTree = "<group>"; };
		74E654C71DB8683B00377E47 /* UIButton+WebCache.h */ = {isa = PBXFileReference; fileEncoding = 4; lastKnownFileType = sourcecode.c.h; path = "UIButton+WebCache.h"; sourceTree = "<group>"; };
		74E654C81DB8683B00377E47 /* UIButton+WebCache.m */ = {isa = PBXFileReference; fileEncoding = 4; lastKnownFileType = sourcecode.c.objc; path = "UIButton+WebCache.m"; sourceTree = "<group>"; };
		74E654C91DB8683B00377E47 /* UIImage+GIF.h */ = {isa = PBXFileReference; fileEncoding = 4; lastKnownFileType = sourcecode.c.h; path = "UIImage+GIF.h"; sourceTree = "<group>"; };
		74E654CA1DB8683B00377E47 /* UIImage+GIF.m */ = {isa = PBXFileReference; fileEncoding = 4; lastKnownFileType = sourcecode.c.objc; path = "UIImage+GIF.m"; sourceTree = "<group>"; };
		74E654CB1DB8683B00377E47 /* UIImage+MultiFormat.h */ = {isa = PBXFileReference; fileEncoding = 4; lastKnownFileType = sourcecode.c.h; path = "UIImage+MultiFormat.h"; sourceTree = "<group>"; };
		74E654CC1DB8683B00377E47 /* UIImage+MultiFormat.m */ = {isa = PBXFileReference; fileEncoding = 4; lastKnownFileType = sourcecode.c.objc; path = "UIImage+MultiFormat.m"; sourceTree = "<group>"; };
		74E654CD1DB8683B00377E47 /* UIImage+WebP.h */ = {isa = PBXFileReference; fileEncoding = 4; lastKnownFileType = sourcecode.c.h; path = "UIImage+WebP.h"; sourceTree = "<group>"; };
		74E654CE1DB8683B00377E47 /* UIImage+WebP.m */ = {isa = PBXFileReference; fileEncoding = 4; lastKnownFileType = sourcecode.c.objc; path = "UIImage+WebP.m"; sourceTree = "<group>"; };
		74E654CF1DB8683B00377E47 /* UIImageView+HighlightedWebCache.h */ = {isa = PBXFileReference; fileEncoding = 4; lastKnownFileType = sourcecode.c.h; path = "UIImageView+HighlightedWebCache.h"; sourceTree = "<group>"; };
		74E654D01DB8683B00377E47 /* UIImageView+HighlightedWebCache.m */ = {isa = PBXFileReference; fileEncoding = 4; lastKnownFileType = sourcecode.c.objc; path = "UIImageView+HighlightedWebCache.m"; sourceTree = "<group>"; };
		74E654D11DB8683B00377E47 /* UIImageView+WebCache.h */ = {isa = PBXFileReference; fileEncoding = 4; lastKnownFileType = sourcecode.c.h; path = "UIImageView+WebCache.h"; sourceTree = "<group>"; };
		74E654D21DB8683B00377E47 /* UIImageView+WebCache.m */ = {isa = PBXFileReference; fileEncoding = 4; lastKnownFileType = sourcecode.c.objc; path = "UIImageView+WebCache.m"; sourceTree = "<group>"; };
		74E654D31DB8683B00377E47 /* UIView+WebCacheOperation.h */ = {isa = PBXFileReference; fileEncoding = 4; lastKnownFileType = sourcecode.c.h; path = "UIView+WebCacheOperation.h"; sourceTree = "<group>"; };
		74E654D41DB8683B00377E47 /* UIView+WebCacheOperation.m */ = {isa = PBXFileReference; fileEncoding = 4; lastKnownFileType = sourcecode.c.objc; path = "UIView+WebCacheOperation.m"; sourceTree = "<group>"; };
		74E654F01DB88DB700377E47 /* ImageModel.h */ = {isa = PBXFileReference; fileEncoding = 4; lastKnownFileType = sourcecode.c.h; name = ImageModel.h; path = ../ImageModel.h; sourceTree = "<group>"; };
		74E654F11DB88DB700377E47 /* ImageModel.m */ = {isa = PBXFileReference; fileEncoding = 4; lastKnownFileType = sourcecode.c.objc; name = ImageModel.m; path = ../ImageModel.m; sourceTree = "<group>"; };
		74E654F61DB8940E00377E47 /* WQWebViewController.h */ = {isa = PBXFileReference; fileEncoding = 4; lastKnownFileType = sourcecode.c.h; path = WQWebViewController.h; sourceTree = "<group>"; };
		74E654F71DB8940E00377E47 /* WQWebViewController.m */ = {isa = PBXFileReference; fileEncoding = 4; lastKnownFileType = sourcecode.c.objc; path = WQWebViewController.m; sourceTree = "<group>"; };
		74F310D71DC0A47A00CEC152 /* WcontentViewCell.h */ = {isa = PBXFileReference; fileEncoding = 4; lastKnownFileType = sourcecode.c.h; path = WcontentViewCell.h; sourceTree = "<group>"; };
		74F310D81DC0A47A00CEC152 /* WcontentViewCell.m */ = {isa = PBXFileReference; fileEncoding = 4; lastKnownFileType = sourcecode.c.objc; path = WcontentViewCell.m; sourceTree = "<group>"; };
		74F310D91DC0A47A00CEC152 /* WcontentViewCell.xib */ = {isa = PBXFileReference; fileEncoding = 4; lastKnownFileType = file.xib; path = WcontentViewCell.xib; sourceTree = "<group>"; };
		74F310DC1DC0B39300CEC152 /* WwebViewCell.h */ = {isa = PBXFileReference; fileEncoding = 4; lastKnownFileType = sourcecode.c.h; path = WwebViewCell.h; sourceTree = "<group>"; };
		74F310DD1DC0B39300CEC152 /* WwebViewCell.m */ = {isa = PBXFileReference; fileEncoding = 4; lastKnownFileType = sourcecode.c.objc; path = WwebViewCell.m; sourceTree = "<group>"; };
		74F310DE1DC0B39300CEC152 /* WwebViewCell.xib */ = {isa = PBXFileReference; fileEncoding = 4; lastKnownFileType = file.xib; path = WwebViewCell.xib; sourceTree = "<group>"; };
/* End PBXFileReference section */

/* Begin PBXFrameworksBuildPhase section */
		74E654451DB8631900377E47 /* Frameworks */ = {
			isa = PBXFrameworksBuildPhase;
			buildActionMask = 2147483647;
			files = (
			);
			runOnlyForDeploymentPostprocessing = 0;
		};
		74E654611DB8631900377E47 /* Frameworks */ = {
			isa = PBXFrameworksBuildPhase;
			buildActionMask = 2147483647;
			files = (
			);
			runOnlyForDeploymentPostprocessing = 0;
		};
		74E6546C1DB8631A00377E47 /* Frameworks */ = {
			isa = PBXFrameworksBuildPhase;
			buildActionMask = 2147483647;
			files = (
			);
			runOnlyForDeploymentPostprocessing = 0;
		};
/* End PBXFrameworksBuildPhase section */

/* Begin PBXGroup section */
		7462DE891DB9C46800942CFB /* MJRefresh */ = {
			isa = PBXGroup;
			children = (
				7462DE8A1DB9C46800942CFB /* Base */,
				7462DE951DB9C46800942CFB /* Custom */,
				7462DEAC1DB9C46800942CFB /* MJRefresh.bundle */,
				7462DEAD1DB9C46800942CFB /* MJRefresh.h */,
				7462DEAE1DB9C46800942CFB /* MJRefreshConst.h */,
				7462DEAF1DB9C46800942CFB /* MJRefreshConst.m */,
				7462DEB01DB9C46800942CFB /* UIScrollView+MJExtension.h */,
				7462DEB11DB9C46800942CFB /* UIScrollView+MJExtension.m */,
				7462DEB21DB9C46800942CFB /* UIScrollView+MJRefresh.h */,
				7462DEB31DB9C46800942CFB /* UIScrollView+MJRefresh.m */,
				7462DEB41DB9C46800942CFB /* UIView+MJExtension.h */,
				7462DEB51DB9C46800942CFB /* UIView+MJExtension.m */,
			);
			path = MJRefresh;
			sourceTree = "<group>";
		};
		7462DE8A1DB9C46800942CFB /* Base */ = {
			isa = PBXGroup;
			children = (
				7462DE8B1DB9C46800942CFB /* MJRefreshAutoFooter.h */,
				7462DE8C1DB9C46800942CFB /* MJRefreshAutoFooter.m */,
				7462DE8D1DB9C46800942CFB /* MJRefreshBackFooter.h */,
				7462DE8E1DB9C46800942CFB /* MJRefreshBackFooter.m */,
				7462DE8F1DB9C46800942CFB /* MJRefreshComponent.h */,
				7462DE901DB9C46800942CFB /* MJRefreshComponent.m */,
				7462DE911DB9C46800942CFB /* MJRefreshFooter.h */,
				7462DE921DB9C46800942CFB /* MJRefreshFooter.m */,
				7462DE931DB9C46800942CFB /* MJRefreshHeader.h */,
				7462DE941DB9C46800942CFB /* MJRefreshHeader.m */,
			);
			path = Base;
			sourceTree = "<group>";
		};
		7462DE951DB9C46800942CFB /* Custom */ = {
			isa = PBXGroup;
			children = (
				7462DE961DB9C46800942CFB /* Footer */,
				7462DEA51DB9C46800942CFB /* Header */,
			);
			path = Custom;
			sourceTree = "<group>";
		};
		7462DE961DB9C46800942CFB /* Footer */ = {
			isa = PBXGroup;
			children = (
				7462DE971DB9C46800942CFB /* Auto */,
				7462DE9E1DB9C46800942CFB /* Back */,
			);
			path = Footer;
			sourceTree = "<group>";
		};
		7462DE971DB9C46800942CFB /* Auto */ = {
			isa = PBXGroup;
			children = (
				7462DE981DB9C46800942CFB /* MJRefreshAutoGifFooter.h */,
				7462DE991DB9C46800942CFB /* MJRefreshAutoGifFooter.m */,
				7462DE9A1DB9C46800942CFB /* MJRefreshAutoNormalFooter.h */,
				7462DE9B1DB9C46800942CFB /* MJRefreshAutoNormalFooter.m */,
				7462DE9C1DB9C46800942CFB /* MJRefreshAutoStateFooter.h */,
				7462DE9D1DB9C46800942CFB /* MJRefreshAutoStateFooter.m */,
			);
			path = Auto;
			sourceTree = "<group>";
		};
		7462DE9E1DB9C46800942CFB /* Back */ = {
			isa = PBXGroup;
			children = (
				7462DE9F1DB9C46800942CFB /* MJRefreshBackGifFooter.h */,
				7462DEA01DB9C46800942CFB /* MJRefreshBackGifFooter.m */,
				7462DEA11DB9C46800942CFB /* MJRefreshBackNormalFooter.h */,
				7462DEA21DB9C46800942CFB /* MJRefreshBackNormalFooter.m */,
				7462DEA31DB9C46800942CFB /* MJRefreshBackStateFooter.h */,
				7462DEA41DB9C46800942CFB /* MJRefreshBackStateFooter.m */,
			);
			path = Back;
			sourceTree = "<group>";
		};
		7462DEA51DB9C46800942CFB /* Header */ = {
			isa = PBXGroup;
			children = (
				7462DEA61DB9C46800942CFB /* MJRefreshGifHeader.h */,
				7462DEA71DB9C46800942CFB /* MJRefreshGifHeader.m */,
				7462DEA81DB9C46800942CFB /* MJRefreshNormalHeader.h */,
				7462DEA91DB9C46800942CFB /* MJRefreshNormalHeader.m */,
				7462DEAA1DB9C46800942CFB /* MJRefreshStateHeader.h */,
				7462DEAB1DB9C46800942CFB /* MJRefreshStateHeader.m */,
			);
			path = Header;
			sourceTree = "<group>";
		};
		7462DECC1DB9F82D00942CFB /* Model */ = {
			isa = PBXGroup;
			children = (
				7483DFFE1DC882410021CCA4 /* ThirtyModel.h */,
				7483DFFF1DC882410021CCA4 /* ThirtyModel.m */,
				74E654F01DB88DB700377E47 /* ImageModel.h */,
				74E654F11DB88DB700377E47 /* ImageModel.m */,
				7462DEC91DB9F24100942CFB /* ContentModel.h */,
				7462DECA1DB9F24100942CFB /* ContentModel.m */,
			);
			path = Model;
			sourceTree = "<group>";
		};
		7483DFEE1DC881F70021CCA4 /* cell */ = {
			isa = PBXGroup;
			children = (
				7483DFEF1DC881FD0021CCA4 /* PreviewImageCell.h */,
				7483DFF01DC881FD0021CCA4 /* PreviewImageCell.m */,
				7483DFF11DC881FD0021CCA4 /* PreviewImageCell.xib */,
				7483DFF21DC881FD0021CCA4 /* ImageViewController.h */,
				7483DFF31DC881FD0021CCA4 /* ImageViewController.m */,
				7483DFF41DC881FD0021CCA4 /* ImageViewController.xib */,
				7483DFF51DC881FD0021CCA4 /* SpecialViewCell.h */,
				7483DFF61DC881FD0021CCA4 /* SpecialViewCell.m */,
				7483DFF71DC881FD0021CCA4 /* SpecialViewCell.xib */,
			);
			path = cell;
			sourceTree = "<group>";
		};
		74E6543F1DB8631900377E47 = {
			isa = PBXGroup;
			children = (
				74E6544A1DB8631900377E47 /* WQAppForKongKongHu */,
				74E654671DB8631900377E47 /* WQAppForKongKongHuTests */,
				74E654721DB8631A00377E47 /* WQAppForKongKongHuUITests */,
				74E654491DB8631900377E47 /* Products */,
			);
			sourceTree = "<group>";
		};
		74E654491DB8631900377E47 /* Products */ = {
			isa = PBXGroup;
			children = (
				74E654481DB8631900377E47 /* WQAppForKongKongHu.app */,
				74E654641DB8631900377E47 /* WQAppForKongKongHuTests.xctest */,
				74E6546F1DB8631A00377E47 /* WQAppForKongKongHuUITests.xctest */,
			);
			name = Products;
			sourceTree = "<group>";
		};
		74E6544A1DB8631900377E47 /* WQAppForKongKongHu */ = {
			isa = PBXGroup;
			children = (
				74E654831DB8646300377E47 /* 首页 */,
				74E654811DB8646300377E47 /* 动态 */,
				74E654821DB8646300377E47 /* 发布 */,
				74E654851DB8646300377E47 /* 消息 */,
				74E654841DB8646300377E47 /* 我 */,
				74E654541DB8631900377E47 /* Main.storyboard */,
				74E6545A1DB8631900377E47 /* Assets.xcassets */,
				74E6545C1DB8631900377E47 /* LaunchScreen.storyboard */,
				74E6545F1DB8631900377E47 /* Info.plist */,
				74E654571DB8631900377E47 /* WQAppForKongKongHu.xcdatamodeld */,
				7483E00F1DC882F40021CCA4 /* Images.xcassets */,
				74E6544B1DB8631900377E47 /* Supporting Files */,
			);
			path = WQAppForKongKongHu;
			sourceTree = "<group>";
		};
		74E6544B1DB8631900377E47 /* Supporting Files */ = {
			isa = PBXGroup;
			children = (
				7483E0011DC882960021CCA4 /* icon_like_g_s.png */,
				7483E0021DC882960021CCA4 /* icon_contect_g_s.png */,
				7483E0031DC882960021CCA4 /* icon_collection_g_s.png */,
				7483E0041DC882960021CCA4 /* icon_like_normal.png */,
				7483E0051DC882960021CCA4 /* btn_backtop.png */,
				7483E0061DC882960021CCA4 /* home_icon_scan_w.png */,
				7483E0071DC882960021CCA4 /* BackBtn.png */,
				7462DE891DB9C46800942CFB /* MJRefresh */,
				74E6549C1DB8683B00377E47 /* AFNetworking */,
				74E654B01DB8683B00377E47 /* MBProgressHUD */,
				74E654B31DB8683B00377E47 /* SDWebImage */,
				74E6544E1DB8631900377E47 /* AppDelegate.h */,
				74E6544F1DB8631900377E47 /* AppDelegate.m */,
				74E6544C1DB8631900377E47 /* main.m */,
				74E654951DB8653200377E47 /* WQBaseNet.h */,
				74E654991DB8680F00377E47 /* WNetRequest.h */,
				74E6549A1DB8680F00377E47 /* WNetRequest.m */,
				7483E0111DC8838E0021CCA4 /* WQBaseTabBarController.h */,
				7483E0121DC8838E0021CCA4 /* WQBaseTabBarController.m */,
			);
			name = "Supporting Files";
			sourceTree = "<group>";
		};
		74E654671DB8631900377E47 /* WQAppForKongKongHuTests */ = {
			isa = PBXGroup;
			children = (
				74E654681DB8631900377E47 /* WQAppForKongKongHuTests.m */,
				74E6546A1DB8631900377E47 /* Info.plist */,
			);
			path = WQAppForKongKongHuTests;
			sourceTree = "<group>";
		};
		74E654721DB8631A00377E47 /* WQAppForKongKongHuUITests */ = {
			isa = PBXGroup;
			children = (
				74E654731DB8631A00377E47 /* WQAppForKongKongHuUITests.m */,
				74E654751DB8631A00377E47 /* Info.plist */,
			);
			path = WQAppForKongKongHuUITests;
			sourceTree = "<group>";
		};
		74E654811DB8646300377E47 /* 动态 */ = {
			isa = PBXGroup;
			children = (
				74E654891DB864AE00377E47 /* WQActiveViewController.h */,
				74E6548A1DB864AE00377E47 /* WQActiveViewController.m */,
			);
			path = "动态";
			sourceTree = "<group>";
		};
		74E654821DB8646300377E47 /* 发布 */ = {
			isa = PBXGroup;
			children = (
				74E6548C1DB864BA00377E47 /* WQReportViewController.h */,
				74E6548D1DB864BA00377E47 /* WQReportViewController.m */,
			);
			path = "发布";
			sourceTree = "<group>";
		};
		74E654831DB8646300377E47 /* 首页 */ = {
			isa = PBXGroup;
			children = (
				7483DFEE1DC881F70021CCA4 /* cell */,
				7462DECC1DB9F82D00942CFB /* Model */,
				7483DFE81DC881840021CCA4 /* WQFirstViewController.h */,
				7483DFE91DC881840021CCA4 /* WQFirstViewController.m */,
				74E654F61DB8940E00377E47 /* WQWebViewController.h */,
				74E654F71DB8940E00377E47 /* WQWebViewController.m */,
				7483DFEB1DC881C10021CCA4 /* WTopScrollImageView.h */,
				7483DFEC1DC881C10021CCA4 /* WTopScrollImageView.m */,
				74F310D71DC0A47A00CEC152 /* WcontentViewCell.h */,
				74F310D81DC0A47A00CEC152 /* WcontentViewCell.m */,
				74F310D91DC0A47A00CEC152 /* WcontentViewCell.xib */,
				74F310DC1DC0B39300CEC152 /* WwebViewCell.h */,
				74F310DD1DC0B39300CEC152 /* WwebViewCell.m */,
				74F310DE1DC0B39300CEC152 /* WwebViewCell.xib */,
				745806F21DC1E4C9003EC7F3 /* ThrityViewCell.h */,
				745806F31DC1E4C9003EC7F3 /* ThrityViewCell.m */,
				745806F41DC1E4C9003EC7F3 /* ThrityViewCell.xib */,
			);
			path = "首页";
			sourceTree = "<group>";
		};
		74E654841DB8646300377E47 /* 我 */ = {
			isa = PBXGroup;
			children = (
				74E654921DB864D400377E47 /* WQMyCenterViewController.h */,
				74E654931DB864D400377E47 /* WQMyCenterViewController.m */,
			);
			path = "我";
			sourceTree = "<group>";
		};
		74E654851DB8646300377E47 /* 消息 */ = {
			isa = PBXGroup;
			children = (
				74E6548F1DB864C800377E47 /* WQSendViewController.h */,
				74E654901DB864C800377E47 /* WQSendViewController.m */,
			);
			path = "消息";
			sourceTree = "<group>";
		};
		74E6549C1DB8683B00377E47 /* AFNetworking */ = {
			isa = PBXGroup;
			children = (
				74E6549D1DB8683B00377E47 /* AFHTTPRequestOperation.h */,
				74E6549E1DB8683B00377E47 /* AFHTTPRequestOperation.m */,
				74E6549F1DB8683B00377E47 /* AFHTTPRequestOperationManager.h */,
				74E654A01DB8683B00377E47 /* AFHTTPRequestOperationManager.m */,
				74E654A11DB8683B00377E47 /* AFHTTPSessionManager.h */,
				74E654A21DB8683B00377E47 /* AFHTTPSessionManager.m */,
				74E654A31DB8683B00377E47 /* AFNetworking.h */,
				74E654A41DB8683B00377E47 /* AFNetworkReachabilityManager.h */,
				74E654A51DB8683B00377E47 /* AFNetworkReachabilityManager.m */,
				74E654A61DB8683B00377E47 /* AFSecurityPolicy.h */,
				74E654A71DB8683B00377E47 /* AFSecurityPolicy.m */,
				74E654A81DB8683B00377E47 /* AFURLConnectionOperation.h */,
				74E654A91DB8683B00377E47 /* AFURLConnectionOperation.m */,
				74E654AA1DB8683B00377E47 /* AFURLRequestSerialization.h */,
				74E654AB1DB8683B00377E47 /* AFURLRequestSerialization.m */,
				74E654AC1DB8683B00377E47 /* AFURLResponseSerialization.h */,
				74E654AD1DB8683B00377E47 /* AFURLResponseSerialization.m */,
				74E654AE1DB8683B00377E47 /* AFURLSessionManager.h */,
				74E654AF1DB8683B00377E47 /* AFURLSessionManager.m */,
			);
			path = AFNetworking;
			sourceTree = "<group>";
		};
		74E654B01DB8683B00377E47 /* MBProgressHUD */ = {
			isa = PBXGroup;
			children = (
				74E654B11DB8683B00377E47 /* MBProgressHUD.h */,
				74E654B21DB8683B00377E47 /* MBProgressHUD.m */,
			);
			path = MBProgressHUD;
			sourceTree = "<group>";
		};
		74E654B31DB8683B00377E47 /* SDWebImage */ = {
			isa = PBXGroup;
			children = (
				74E654B41DB8683B00377E47 /* MKAnnotationView+WebCache.h */,
				74E654B51DB8683B00377E47 /* MKAnnotationView+WebCache.m */,
				74E654B61DB8683B00377E47 /* NSData+ImageContentType.h */,
				74E654B71DB8683B00377E47 /* NSData+ImageContentType.m */,
				74E654B81DB8683B00377E47 /* SDImageCache.h */,
				74E654B91DB8683B00377E47 /* SDImageCache.m */,
				74E654BA1DB8683B00377E47 /* SDWebImageCompat.h */,
				74E654BB1DB8683B00377E47 /* SDWebImageCompat.m */,
				74E654BC1DB8683B00377E47 /* SDWebImageDecoder.h */,
				74E654BD1DB8683B00377E47 /* SDWebImageDecoder.m */,
				74E654BE1DB8683B00377E47 /* SDWebImageDownloader.h */,
				74E654BF1DB8683B00377E47 /* SDWebImageDownloader.m */,
				74E654C01DB8683B00377E47 /* SDWebImageDownloaderOperation.h */,
				74E654C11DB8683B00377E47 /* SDWebImageDownloaderOperation.m */,
				74E654C21DB8683B00377E47 /* SDWebImageManager.h */,
				74E654C31DB8683B00377E47 /* SDWebImageManager.m */,
				74E654C41DB8683B00377E47 /* SDWebImageOperation.h */,
				74E654C51DB8683B00377E47 /* SDWebImagePrefetcher.h */,
				74E654C61DB8683B00377E47 /* SDWebImagePrefetcher.m */,
				74E654C71DB8683B00377E47 /* UIButton+WebCache.h */,
				74E654C81DB8683B00377E47 /* UIButton+WebCache.m */,
				74E654C91DB8683B00377E47 /* UIImage+GIF.h */,
				74E654CA1DB8683B00377E47 /* UIImage+GIF.m */,
				74E654CB1DB8683B00377E47 /* UIImage+MultiFormat.h */,
				74E654CC1DB8683B00377E47 /* UIImage+MultiFormat.m */,
				74E654CD1DB8683B00377E47 /* UIImage+WebP.h */,
				74E654CE1DB8683B00377E47 /* UIImage+WebP.m */,
				74E654CF1DB8683B00377E47 /* UIImageView+HighlightedWebCache.h */,
				74E654D01DB8683B00377E47 /* UIImageView+HighlightedWebCache.m */,
				74E654D11DB8683B00377E47 /* UIImageView+WebCache.h */,
				74E654D21DB8683B00377E47 /* UIImageView+WebCache.m */,
				74E654D31DB8683B00377E47 /* UIView+WebCacheOperation.h */,
				74E654D41DB8683B00377E47 /* UIView+WebCacheOperation.m */,
			);
			path = SDWebImage;
			sourceTree = "<group>";
		};
/* End PBXGroup section */

/* Begin PBXNativeTarget section */
		74E654471DB8631900377E47 /* WQAppForKongKongHu */ = {
			isa = PBXNativeTarget;
			buildConfigurationList = 74E654781DB8631A00377E47 /* Build configuration list for PBXNativeTarget "WQAppForKongKongHu" */;
			buildPhases = (
				74E654441DB8631900377E47 /* Sources */,
				74E654451DB8631900377E47 /* Frameworks */,
				74E654461DB8631900377E47 /* Resources */,
			);
			buildRules = (
			);
			dependencies = (
			);
			name = WQAppForKongKongHu;
			productName = WQAppForKongKongHu;
			productReference = 74E654481DB8631900377E47 /* WQAppForKongKongHu.app */;
			productType = "com.apple.product-type.application";
		};
		74E654631DB8631900377E47 /* WQAppForKongKongHuTests */ = {
			isa = PBXNativeTarget;
			buildConfigurationList = 74E6547B1DB8631A00377E47 /* Build configuration list for PBXNativeTarget "WQAppForKongKongHuTests" */;
			buildPhases = (
				74E654601DB8631900377E47 /* Sources */,
				74E654611DB8631900377E47 /* Frameworks */,
				74E654621DB8631900377E47 /* Resources */,
			);
			buildRules = (
			);
			dependencies = (
				74E654661DB8631900377E47 /* PBXTargetDependency */,
			);
			name = WQAppForKongKongHuTests;
			productName = WQAppForKongKongHuTests;
			productReference = 74E654641DB8631900377E47 /* WQAppForKongKongHuTests.xctest */;
			productType = "com.apple.product-type.bundle.unit-test";
		};
		74E6546E1DB8631A00377E47 /* WQAppForKongKongHuUITests */ = {
			isa = PBXNativeTarget;
			buildConfigurationList = 74E6547E1DB8631A00377E47 /* Build configuration list for PBXNativeTarget "WQAppForKongKongHuUITests" */;
			buildPhases = (
				74E6546B1DB8631A00377E47 /* Sources */,
				74E6546C1DB8631A00377E47 /* Frameworks */,
				74E6546D1DB8631A00377E47 /* Resources */,
			);
			buildRules = (
			);
			dependencies = (
				74E654711DB8631A00377E47 /* PBXTargetDependency */,
			);
			name = WQAppForKongKongHuUITests;
			productName = WQAppForKongKongHuUITests;
			productReference = 74E6546F1DB8631A00377E47 /* WQAppForKongKongHuUITests.xctest */;
			productType = "com.apple.product-type.bundle.ui-testing";
		};
/* End PBXNativeTarget section */

/* Begin PBXProject section */
		74E654401DB8631900377E47 /* Project object */ = {
			isa = PBXProject;
			attributes = {
				LastUpgradeCheck = 0800;
				ORGANIZATIONNAME = wangqiqi;
				TargetAttributes = {
					74E654471DB8631900377E47 = {
						CreatedOnToolsVersion = 8.0;
						ProvisioningStyle = Automatic;
					};
					74E654631DB8631900377E47 = {
						CreatedOnToolsVersion = 8.0;
						ProvisioningStyle = Automatic;
						TestTargetID = 74E654471DB8631900377E47;
					};
					74E6546E1DB8631A00377E47 = {
						CreatedOnToolsVersion = 8.0;
						ProvisioningStyle = Automatic;
						TestTargetID = 74E654471DB8631900377E47;
					};
				};
			};
			buildConfigurationList = 74E654431DB8631900377E47 /* Build configuration list for PBXProject "WQAppForKongKongHu" */;
			compatibilityVersion = "Xcode 3.2";
			developmentRegion = English;
			hasScannedForEncodings = 0;
			knownRegions = (
				en,
				Base,
			);
			mainGroup = 74E6543F1DB8631900377E47;
			productRefGroup = 74E654491DB8631900377E47 /* Products */;
			projectDirPath = "";
			projectRoot = "";
			targets = (
				74E654471DB8631900377E47 /* WQAppForKongKongHu */,
				74E654631DB8631900377E47 /* WQAppForKongKongHuTests */,
				74E6546E1DB8631A00377E47 /* WQAppForKongKongHuUITests */,
			);
		};
/* End PBXProject section */

/* Begin PBXResourcesBuildPhase section */
		74E654461DB8631900377E47 /* Resources */ = {
			isa = PBXResourcesBuildPhase;
			buildActionMask = 2147483647;
			files = (
				7483DFFD1DC881FD0021CCA4 /* SpecialViewCell.xib in Resources */,
				74F310E01DC0B39300CEC152 /* WwebViewCell.xib in Resources */,
				7483E00D1DC882960021CCA4 /* home_icon_scan_w.png in Resources */,
				74E6545E1DB8631900377E47 /* LaunchScreen.storyboard in Resources */,
				7483E0081DC882960021CCA4 /* icon_like_g_s.png in Resources */,
				7483E00A1DC882960021CCA4 /* icon_collection_g_s.png in Resources */,
				74F310DB1DC0A47A00CEC152 /* WcontentViewCell.xib in Resources */,
				7483E00C1DC882960021CCA4 /* btn_backtop.png in Resources */,
				74E6545B1DB8631900377E47 /* Assets.xcassets in Resources */,
				7483E0101DC882F40021CCA4 /* Images.xcassets in Resources */,
				7462DEC41DB9C46800942CFB /* MJRefresh.bundle in Resources */,
				7483E0091DC882960021CCA4 /* icon_contect_g_s.png in Resources */,
				7483DFFB1DC881FD0021CCA4 /* ImageViewController.xib in Resources */,
				7483E00B1DC882960021CCA4 /* icon_like_normal.png in Resources */,
				745806F61DC1E4C9003EC7F3 /* ThrityViewCell.xib in Resources */,
				7483DFF91DC881FD0021CCA4 /* PreviewImageCell.xib in Resources */,
				74E654561DB8631900377E47 /* Main.storyboard in Resources */,
				7483E00E1DC882960021CCA4 /* BackBtn.png in Resources */,
			);
			runOnlyForDeploymentPostprocessing = 0;
		};
		74E654621DB8631900377E47 /* Resources */ = {
			isa = PBXResourcesBuildPhase;
			buildActionMask = 2147483647;
			files = (
			);
			runOnlyForDeploymentPostprocessing = 0;
		};
		74E6546D1DB8631A00377E47 /* Resources */ = {
			isa = PBXResourcesBuildPhase;
			buildActionMask = 2147483647;
			files = (
			);
			runOnlyForDeploymentPostprocessing = 0;
		};
/* End PBXResourcesBuildPhase section */

/* Begin PBXSourcesBuildPhase section */
		74E654441DB8631900377E47 /* Sources */ = {
			isa = PBXSourcesBuildPhase;
			buildActionMask = 2147483647;
			files = (
				7462DEC61DB9C46800942CFB /* UIScrollView+MJExtension.m in Sources */,
				74E654EC1DB8683B00377E47 /* UIImageView+HighlightedWebCache.m in Sources */,
				7462DECB1DB9F24100942CFB /* ContentModel.m in Sources */,
				74E654DA1DB8683B00377E47 /* AFURLConnectionOperation.m in Sources */,
				74E654E61DB8683B00377E47 /* SDWebImageManager.m in Sources */,
				74F310DA1DC0A47A00CEC152 /* WcontentViewCell.m in Sources */,
				74E654E21DB8683B00377E47 /* SDWebImageCompat.m in Sources */,
				74E654E71DB8683B00377E47 /* SDWebImagePrefetcher.m in Sources */,
				7483DFFC1DC881FD0021CCA4 /* SpecialViewCell.m in Sources */,
				74E6548E1DB864BA00377E47 /* WQReportViewController.m in Sources */,
				74E654E11DB8683B00377E47 /* SDImageCache.m in Sources */,
				7483DFED1DC881C10021CCA4 /* WTopScrollImageView.m in Sources */,
				74E654D91DB8683B00377E47 /* AFSecurityPolicy.m in Sources */,
				7483DFF81DC881FD0021CCA4 /* PreviewImageCell.m in Sources */,
				7462DEC11DB9C46800942CFB /* MJRefreshGifHeader.m in Sources */,
				7462DEB81DB9C46800942CFB /* MJRefreshComponent.m in Sources */,
				74E654E81DB8683B00377E47 /* UIButton+WebCache.m in Sources */,
				74E654F21DB88DB700377E47 /* ImageModel.m in Sources */,
				7483DFEA1DC881840021CCA4 /* WQFirstViewController.m in Sources */,
				7462DEC21DB9C46800942CFB /* MJRefreshNormalHeader.m in Sources */,
				74E654D61DB8683B00377E47 /* AFHTTPRequestOperationManager.m in Sources */,
				74E654EB1DB8683B00377E47 /* UIImage+WebP.m in Sources */,
				74E654501DB8631900377E47 /* AppDelegate.m in Sources */,
				7462DEC31DB9C46800942CFB /* MJRefreshStateHeader.m in Sources */,
				74E6549B1DB8680F00377E47 /* WNetRequest.m in Sources */,
				74E654DE1DB8683B00377E47 /* MBProgressHUD.m in Sources */,
				7483E0131DC8838E0021CCA4 /* WQBaseTabBarController.m in Sources */,
				7462DEBE1DB9C46800942CFB /* MJRefreshBackGifFooter.m in Sources */,
				74E654E91DB8683B00377E47 /* UIImage+GIF.m in Sources */,
				7462DEC71DB9C46800942CFB /* UIScrollView+MJRefresh.m in Sources */,
				7483E0001DC882410021CCA4 /* ThirtyModel.m in Sources */,
				74E654EE1DB8683B00377E47 /* UIView+WebCacheOperation.m in Sources */,
				74E6548B1DB864AE00377E47 /* WQActiveViewController.m in Sources */,
				7462DEBF1DB9C46800942CFB /* MJRefreshBackNormalFooter.m in Sources */,
				74F310DF1DC0B39300CEC152 /* WwebViewCell.m in Sources */,
				7483DFFA1DC881FD0021CCA4 /* ImageViewController.m in Sources */,
				74E654941DB864D400377E47 /* WQMyCenterViewController.m in Sources */,
				74E654EA1DB8683B00377E47 /* UIImage+MultiFormat.m in Sources */,
				74E654E31DB8683B00377E47 /* SDWebImageDecoder.m in Sources */,
				7462DEBB1DB9C46800942CFB /* MJRefreshAutoGifFooter.m in Sources */,
				7462DEC81DB9C46800942CFB /* UIView+MJExtension.m in Sources */,
				7462DEB61DB9C46800942CFB /* MJRefreshAutoFooter.m in Sources */,
				74E654E01DB8683B00377E47 /* NSData+ImageContentType.m in Sources */,
				7462DEC51DB9C46800942CFB /* MJRefreshConst.m in Sources */,
				74E654E51DB8683B00377E47 /* SDWebImageDownloaderOperation.m in Sources */,
				74E654DF1DB8683B00377E47 /* MKAnnotationView+WebCache.m in Sources */,
				74E654DD1DB8683B00377E47 /* AFURLSessionManager.m in Sources */,
				7462DEBD1DB9C46800942CFB /* MJRefreshAutoStateFooter.m in Sources */,
				745806F51DC1E4C9003EC7F3 /* ThrityViewCell.m in Sources */,
				74E654DC1DB8683B00377E47 /* AFURLResponseSerialization.m in Sources */,
				74E654591DB8631900377E47 /* WQAppForKongKongHu.xcdatamodeld in Sources */,
				74E654911DB864C800377E47 /* WQSendViewController.m in Sources */,
				74E654E41DB8683B00377E47 /* SDWebImageDownloader.m in Sources */,
				74E654F81DB8940E00377E47 /* WQWebViewController.m in Sources */,
				74E654DB1DB8683B00377E47 /* AFURLRequestSerialization.m in Sources */,
				74E654D81DB8683B00377E47 /* AFNetworkReachabilityManager.m in Sources */,
				74E6544D1DB8631900377E47 /* main.m in Sources */,
				7462DEC01DB9C46800942CFB /* MJRefreshBackStateFooter.m in Sources */,
				74E654ED1DB8683B00377E47 /* UIImageView+WebCache.m in Sources */,
				7462DEBA1DB9C46800942CFB /* MJRefreshHeader.m in Sources */,
				74E654D51DB8683B00377E47 /* AFHTTPRequestOperation.m in Sources */,
				7462DEBC1DB9C46800942CFB /* MJRefreshAutoNormalFooter.m in Sources */,
				7462DEB71DB9C46800942CFB /* MJRefreshBackFooter.m in Sources */,
				74E654D71DB8683B00377E47 /* AFHTTPSessionManager.m in Sources */,
				7462DEB91DB9C46800942CFB /* MJRefreshFooter.m in Sources */,
			);
			runOnlyForDeploymentPostprocessing = 0;
		};
		74E654601DB8631900377E47 /* Sources */ = {
			isa = PBXSourcesBuildPhase;
			buildActionMask = 2147483647;
			files = (
				74E654691DB8631900377E47 /* WQAppForKongKongHuTests.m in Sources */,
			);
			runOnlyForDeploymentPostprocessing = 0;
		};
		74E6546B1DB8631A00377E47 /* Sources */ = {
			isa = PBXSourcesBuildPhase;
			buildActionMask = 2147483647;
			files = (
				74E654741DB8631A00377E47 /* WQAppForKongKongHuUITests.m in Sources */,
			);
			runOnlyForDeploymentPostprocessing = 0;
		};
/* End PBXSourcesBuildPhase section */

/* Begin PBXTargetDependency section */
		74E654661DB8631900377E47 /* PBXTargetDependency */ = {
			isa = PBXTargetDependency;
			target = 74E654471DB8631900377E47 /* WQAppForKongKongHu */;
			targetProxy = 74E654651DB8631900377E47 /* PBXContainerItemProxy */;
		};
		74E654711DB8631A00377E47 /* PBXTargetDependency */ = {
			isa = PBXTargetDependency;
			target = 74E654471DB8631900377E47 /* WQAppForKongKongHu */;
			targetProxy = 74E654701DB8631A00377E47 /* PBXContainerItemProxy */;
		};
/* End PBXTargetDependency section */

/* Begin PBXVariantGroup section */
		74E654541DB8631900377E47 /* Main.storyboard */ = {
			isa = PBXVariantGroup;
			children = (
				74E654551DB8631900377E47 /* Base */,
			);
			name = Main.storyboard;
			sourceTree = "<group>";
		};
		74E6545C1DB8631900377E47 /* LaunchScreen.storyboard */ = {
			isa = PBXVariantGroup;
			children = (
				74E6545D1DB8631900377E47 /* Base */,
			);
			name = LaunchScreen.storyboard;
			sourceTree = "<group>";
		};
/* End PBXVariantGroup section */

/* Begin XCBuildConfiguration section */
		74E654761DB8631A00377E47 /* Debug */ = {
			isa = XCBuildConfiguration;
			buildSettings = {
				ALWAYS_SEARCH_USER_PATHS = NO;
				CLANG_ANALYZER_NONNULL = YES;
				CLANG_CXX_LANGUAGE_STANDARD = "gnu++0x";
				CLANG_CXX_LIBRARY = "libc++";
				CLANG_ENABLE_MODULES = YES;
				CLANG_ENABLE_OBJC_ARC = YES;
				CLANG_WARN_BOOL_CONVERSION = YES;
				CLANG_WARN_CONSTANT_CONVERSION = YES;
				CLANG_WARN_DIRECT_OBJC_ISA_USAGE = YES_ERROR;
				CLANG_WARN_DOCUMENTATION_COMMENTS = YES;
				CLANG_WARN_EMPTY_BODY = YES;
				CLANG_WARN_ENUM_CONVERSION = YES;
				CLANG_WARN_INFINITE_RECURSION = YES;
				CLANG_WARN_INT_CONVERSION = YES;
				CLANG_WARN_OBJC_ROOT_CLASS = YES_ERROR;
				CLANG_WARN_SUSPICIOUS_MOVES = YES;
				CLANG_WARN_UNREACHABLE_CODE = YES;
				CLANG_WARN__DUPLICATE_METHOD_MATCH = YES;
				"CODE_SIGN_IDENTITY[sdk=iphoneos*]" = "iPhone Developer";
				COPY_PHASE_STRIP = NO;
				DEBUG_INFORMATION_FORMAT = dwarf;
				ENABLE_STRICT_OBJC_MSGSEND = YES;
				ENABLE_TESTABILITY = YES;
				GCC_C_LANGUAGE_STANDARD = gnu99;
				GCC_DYNAMIC_NO_PIC = NO;
				GCC_NO_COMMON_BLOCKS = YES;
				GCC_OPTIMIZATION_LEVEL = 0;
				GCC_PREPROCESSOR_DEFINITIONS = (
					"DEBUG=1",
					"$(inherited)",
				);
				GCC_WARN_64_TO_32_BIT_CONVERSION = YES;
				GCC_WARN_ABOUT_RETURN_TYPE = YES_ERROR;
				GCC_WARN_UNDECLARED_SELECTOR = YES;
				GCC_WARN_UNINITIALIZED_AUTOS = YES_AGGRESSIVE;
				GCC_WARN_UNUSED_FUNCTION = YES;
				GCC_WARN_UNUSED_VARIABLE = YES;
				IPHONEOS_DEPLOYMENT_TARGET = 10.0;
				MTL_ENABLE_DEBUG_INFO = YES;
				ONLY_ACTIVE_ARCH = YES;
				SDKROOT = iphoneos;
			};
			name = Debug;
		};
		74E654771DB8631A00377E47 /* Release */ = {
			isa = XCBuildConfiguration;
			buildSettings = {
				ALWAYS_SEARCH_USER_PATHS = NO;
				CLANG_ANALYZER_NONNULL = YES;
				CLANG_CXX_LANGUAGE_STANDARD = "gnu++0x";
				CLANG_CXX_LIBRARY = "libc++";
				CLANG_ENABLE_MODULES = YES;
				CLANG_ENABLE_OBJC_ARC = YES;
				CLANG_WARN_BOOL_CONVERSION = YES;
				CLANG_WARN_CONSTANT_CONVERSION = YES;
				CLANG_WARN_DIRECT_OBJC_ISA_USAGE = YES_ERROR;
				CLANG_WARN_DOCUMENTATION_COMMENTS = YES;
				CLANG_WARN_EMPTY_BODY = YES;
				CLANG_WARN_ENUM_CONVERSION = YES;
				CLANG_WARN_INFINITE_RECURSION = YES;
				CLANG_WARN_INT_CONVERSION = YES;
				CLANG_WARN_OBJC_ROOT_CLASS = YES_ERROR;
				CLANG_WARN_SUSPICIOUS_MOVES = YES;
				CLANG_WARN_UNREACHABLE_CODE = YES;
				CLANG_WARN__DUPLICATE_METHOD_MATCH = YES;
				"CODE_SIGN_IDENTITY[sdk=iphoneos*]" = "iPhone Developer";
				COPY_PHASE_STRIP = NO;
				DEBUG_INFORMATION_FORMAT = "dwarf-with-dsym";
				ENABLE_NS_ASSERTIONS = NO;
				ENABLE_STRICT_OBJC_MSGSEND = YES;
				GCC_C_LANGUAGE_STANDARD = gnu99;
				GCC_NO_COMMON_BLOCKS = YES;
				GCC_WARN_64_TO_32_BIT_CONVERSION = YES;
				GCC_WARN_ABOUT_RETURN_TYPE = YES_ERROR;
				GCC_WARN_UNDECLARED_SELECTOR = YES;
				GCC_WARN_UNINITIALIZED_AUTOS = YES_AGGRESSIVE;
				GCC_WARN_UNUSED_FUNCTION = YES;
				GCC_WARN_UNUSED_VARIABLE = YES;
				IPHONEOS_DEPLOYMENT_TARGET = 10.0;
				MTL_ENABLE_DEBUG_INFO = NO;
				SDKROOT = iphoneos;
				VALIDATE_PRODUCT = YES;
			};
			name = Release;
		};
		74E654791DB8631A00377E47 /* Debug */ = {
			isa = XCBuildConfiguration;
			buildSettings = {
				ASSETCATALOG_COMPILER_APPICON_NAME = AppIcon;
				ASSETCATALOG_COMPILER_LAUNCHIMAGE_NAME = "LaunchImage-2";
				INFOPLIST_FILE = WQAppForKongKongHu/Info.plist;
				LD_RUNPATH_SEARCH_PATHS = "$(inherited) @executable_path/Frameworks";
				PRODUCT_BUNDLE_IDENTIFIER = com.qiwang.demo.WQAppForKongKongHu;
				PRODUCT_NAME = "$(TARGET_NAME)";
			};
			name = Debug;
		};
		74E6547A1DB8631A00377E47 /* Release */ = {
			isa = XCBuildConfiguration;
			buildSettings = {
				ASSETCATALOG_COMPILER_APPICON_NAME = AppIcon;
				ASSETCATALOG_COMPILER_LAUNCHIMAGE_NAME = "LaunchImage-2";
				INFOPLIST_FILE = WQAppForKongKongHu/Info.plist;
				LD_RUNPATH_SEARCH_PATHS = "$(inherited) @executable_path/Frameworks";
				PRODUCT_BUNDLE_IDENTIFIER = com.qiwang.demo.WQAppForKongKongHu;
				PRODUCT_NAME = "$(TARGET_NAME)";
			};
			name = Release;
		};
		74E6547C1DB8631A00377E47 /* Debug */ = {
			isa = XCBuildConfiguration;
			buildSettings = {
				BUNDLE_LOADER = "$(TEST_HOST)";
				INFOPLIST_FILE = WQAppForKongKongHuTests/Info.plist;
				LD_RUNPATH_SEARCH_PATHS = "$(inherited) @executable_path/Frameworks @loader_path/Frameworks";
				PRODUCT_BUNDLE_IDENTIFIER = com.qiwang.demo.WQAppForKongKongHuTests;
				PRODUCT_NAME = "$(TARGET_NAME)";
				TEST_HOST = "$(BUILT_PRODUCTS_DIR)/WQAppForKongKongHu.app/WQAppForKongKongHu";
			};
			name = Debug;
		};
		74E6547D1DB8631A00377E47 /* Release */ = {
			isa = XCBuildConfiguration;
			buildSettings = {
				BUNDLE_LOADER = "$(TEST_HOST)";
				INFOPLIST_FILE = WQAppForKongKongHuTests/Info.plist;
				LD_RUNPATH_SEARCH_PATHS = "$(inherited) @executable_path/Frameworks @loader_path/Frameworks";
				PRODUCT_BUNDLE_IDENTIFIER = com.qiwang.demo.WQAppForKongKongHuTests;
				PRODUCT_NAME = "$(TARGET_NAME)";
				TEST_HOST = "$(BUILT_PRODUCTS_DIR)/WQAppForKongKongHu.app/WQAppForKongKongHu";
			};
			name = Release;
		};
		74E6547F1DB8631A00377E47 /* Debug */ = {
			isa = XCBuildConfiguration;
			buildSettings = {
				INFOPLIST_FILE = WQAppForKongKongHuUITests/Info.plist;
				LD_RUNPATH_SEARCH_PATHS = "$(inherited) @executable_path/Frameworks @loader_path/Frameworks";
				PRODUCT_BUNDLE_IDENTIFIER = com.qiwang.demo.WQAppForKongKongHuUITests;
				PRODUCT_NAME = "$(TARGET_NAME)";
				TEST_TARGET_NAME = WQAppForKongKongHu;
			};
			name = Debug;
		};
		74E654801DB8631A00377E47 /* Release */ = {
			isa = XCBuildConfiguration;
			buildSettings = {
				INFOPLIST_FILE = WQAppForKongKongHuUITests/Info.plist;
				LD_RUNPATH_SEARCH_PATHS = "$(inherited) @executable_path/Frameworks @loader_path/Frameworks";
				PRODUCT_BUNDLE_IDENTIFIER = com.qiwang.demo.WQAppForKongKongHuUITests;
				PRODUCT_NAME = "$(TARGET_NAME)";
				TEST_TARGET_NAME = WQAppForKongKongHu;
			};
			name = Release;
		};
/* End XCBuildConfiguration section */

/* Begin XCConfigurationList section */
		74E654431DB8631900377E47 /* Build configuration list for PBXProject "WQAppForKongKongHu" */ = {
			isa = XCConfigurationList;
			buildConfigurations = (
				74E654761DB8631A00377E47 /* Debug */,
				74E654771DB8631A00377E47 /* Release */,
			);
			defaultConfigurationIsVisible = 0;
			defaultConfigurationName = Release;
		};
		74E654781DB8631A00377E47 /* Build configuration list for PBXNativeTarget "WQAppForKongKongHu" */ = {
			isa = XCConfigurationList;
			buildConfigurations = (
				74E654791DB8631A00377E47 /* Debug */,
				74E6547A1DB8631A00377E47 /* Release */,
			);
			defaultConfigurationIsVisible = 0;
			defaultConfigurationName = Release;
		};
		74E6547B1DB8631A00377E47 /* Build configuration list for PBXNativeTarget "WQAppForKongKongHuTests" */ = {
			isa = XCConfigurationList;
			buildConfigurations = (
				74E6547C1DB8631A00377E47 /* Debug */,
				74E6547D1DB8631A00377E47 /* Release */,
			);
			defaultConfigurationIsVisible = 0;
			defaultConfigurationName = Release;
		};
		74E6547E1DB8631A00377E47 /* Build configuration list for PBXNativeTarget "WQAppForKongKongHuUITests" */ = {
			isa = XCConfigurationList;
			buildConfigurations = (
				74E6547F1DB8631A00377E47 /* Debug */,
				74E654801DB8631A00377E47 /* Release */,
			);
			defaultConfigurationIsVisible = 0;
			defaultConfigurationName = Release;
		};
/* End XCConfigurationList section */

/* Begin XCVersionGroup section */
		74E654571DB8631900377E47 /* WQAppForKongKongHu.xcdatamodeld */ = {
			isa = XCVersionGroup;
			children = (
				74E654581DB8631900377E47 /* WQAppForKongKongHu.xcdatamodel */,
			);
			currentVersion = 74E654581DB8631900377E47 /* WQAppForKongKongHu.xcdatamodel */;
			path = WQAppForKongKongHu.xcdatamodeld;
			sourceTree = "<group>";
			versionGroupType = wrapper.xcdatamodel;
		};
/* End XCVersionGroup section */
	};
	rootObject = 74E654401DB8631900377E47 /* Project object */;
}
